Microsoft Visual Studio Solution File, Format Version 12.00
# Visual Studio 14
VisualStudioVersion = 14.0.24720.0
MinimumVisualStudioVersion = 10.0.40219.1
Project("{FAE04EC0-301F-11D3-BF4B-00C04F79EFBC}") = "MapsforgeSharp.Droid", "MapsforgeSharp.Droid\MapsforgeSharp.Droid.csproj", "{9B5F184A-239C-4A3B-B855-FBB134ADF148}"
EndProject
Project("{FAE04EC0-301F-11D3-BF4B-00C04F79EFBC}") = "MapsforgeSharp.iOS", "MapsforgeSharp.iOS\MapsforgeSharp.iOS.csproj", "{E8F82FCF-FB07-4DE2-8B44-F40604C25CA4}"
EndProject
Project("{FAE04EC0-301F-11D3-BF4B-00C04F79EFBC}") = "MapsforgeSharp.WinPhone", "MapsforgeSharp.WinPhone\MapsforgeSharp.WinPhone.csproj", "{5BC7D6E4-82A4-46AD-B2C6-1DE5B41E93DE}"
EndProject
Project("{FAE04EC0-301F-11D3-BF4B-00C04F79EFBC}") = "MapsforgeSharp.UWP", "MapsforgeSharp.UWP\MapsforgeSharp.UWP.csproj", "{62E1E084-5D9B-4F0A-A3F1-D1938E451FC4}"
EndProject
Project("{FAE04EC0-301F-11D3-BF4B-00C04F79EFBC}") = "MapsforgeSharp.Windows", "MapsforgeSharp.Windows\MapsforgeSharp.Windows.csproj", "{21024E0D-7398-4517-B863-8DBDF6275613}"
EndProject
Project("{FAE04EC0-301F-11D3-BF4B-00C04F79EFBC}") = "MapsforgeSharp", "MapsforgeSharp\MapsforgeSharp.csproj", "{DCC9FF65-C611-4261-95F2-ED7AD7EF8A8E}"
EndProject
Project("{FAE04EC0-301F-11D3-BF4B-00C04F79EFBC}") = "MapsforgeSharp.Core", "MapsforgeSharp.Core\MapsforgeSharp.Core.csproj", "{D141D385-2C78-482F-BFFF-DFA66F05E0BD}"
EndProject
Project("{FAE04EC0-301F-11D3-BF4B-00C04F79EFBC}") = "MapsforgeSharp.Map", "MapsforgeSharp.Map\MapsforgeSharp.Map.csproj", "{1C993E88-53A4-4F92-9885-8281E474569C}"
EndProject
Project("{FAE04EC0-301F-11D3-BF4B-00C04F79EFBC}") = "MapsforgeSharp.Forms", "MapsforgeSharp.Forms\MapsforgeSharp.Forms.csproj", "{5D3742F4-A8A4-40E6-A0DA-ACD9ABA76003}"
EndProject
Project("{FAE04EC0-301F-11D3-BF4B-00C04F79EFBC}") = "MapsforgeSharp.Reader", "MapsforgeSharp.Reader\MapsforgeSharp.Reader.csproj", "{7E26DA13-4AA1-485E-B819-6F88C6A5139A}"
EndProject
Project("{FAE04EC0-301F-11D3-BF4B-00C04F79EFBC}") = "MapsforgeSharp.Core.Test", "MapsforgeSharp.Core.Test\MapsforgeSharp.Core.Test.csproj", "{5C0704D0-6858-4FEB-85C4-D3F4BEACE801}"
EndProject
Project("{FAE04EC0-301F-11D3-BF4B-00C04F79EFBC}") = "MapsforgeSharp.Reader.Test", "MapsforgeSharp.Reader.Test\MapsforgeSharp.Reader.Test.csproj", "{434B097E-52C8-4A2A-9D4D-E4DD275847B0}"
EndProject
Project("{FAE04EC0-301F-11D3-BF4B-00C04F79EFBC}") = "MapsforgeSharp.TileProvider", "MapsforgeSharp.TileProvider\MapsforgeSharp.TileProvider.csproj", "{039D3C51-29D2-4F07-8BE4-B640FF7A7EA0}"
EndProject
Project("{FAE04EC0-301F-11D3-BF4B-00C04F79EFBC}") = "MapsforgeSharp.TileProvider.Test", "MapsforgeSharp.TileProvider.Test\MapsforgeSharp.TileProvider.Test.csproj", "{6B07DE39-94A3-4E21-9A4E-4269C3A87DA8}"
EndProject
Global
	GlobalSection(SolutionConfigurationPlatforms) = preSolution
		Ad-Hoc|Any CPU = Ad-Hoc|Any CPU
		Ad-Hoc|ARM = Ad-Hoc|ARM
		Ad-Hoc|iPhone = Ad-Hoc|iPhone
		Ad-Hoc|iPhoneSimulator = Ad-Hoc|iPhoneSimulator
		Ad-Hoc|x64 = Ad-Hoc|x64
		Ad-Hoc|x86 = Ad-Hoc|x86
		AppStore|Any CPU = AppStore|Any CPU
		AppStore|ARM = AppStore|ARM
		AppStore|iPhone = AppStore|iPhone
		AppStore|iPhoneSimulator = AppStore|iPhoneSimulator
		AppStore|x64 = AppStore|x64
		AppStore|x86 = AppStore|x86
		Debug|Any CPU = Debug|Any CPU
		Debug|ARM = Debug|ARM
		Debug|iPhone = Debug|iPhone
		Debug|iPhoneSimulator = Debug|iPhoneSimulator
		Debug|x64 = Debug|x64
		Debug|x86 = Debug|x86
		Release|Any CPU = Release|Any CPU
		Release|ARM = Release|ARM
		Release|iPhone = Release|iPhone
		Release|iPhoneSimulator = Release|iPhoneSimulator
		Release|x64 = Release|x64
		Release|x86 = Release|x86
	EndGlobalSection
	GlobalSection(ProjectConfigurationPlatforms) = postSolution
		{9B5F184A-239C-4A3B-B855-FBB134ADF148}.Ad-Hoc|Any CPU.ActiveCfg = Release|Any CPU
		{9B5F184A-239C-4A3B-B855-FBB134ADF148}.Ad-Hoc|Any CPU.Build.0 = Release|Any CPU
		{9B5F184A-239C-4A3B-B855-FBB134ADF148}.Ad-Hoc|Any CPU.Deploy.0 = Release|Any CPU
		{9B5F184A-239C-4A3B-B855-FBB134ADF148}.Ad-Hoc|ARM.ActiveCfg = Release|Any CPU
		{9B5F184A-239C-4A3B-B855-FBB134ADF148}.Ad-Hoc|ARM.Build.0 = Release|Any CPU
		{9B5F184A-239C-4A3B-B855-FBB134ADF148}.Ad-Hoc|ARM.Deploy.0 = Release|Any CPU
		{9B5F184A-239C-4A3B-B855-FBB134ADF148}.Ad-Hoc|iPhone.ActiveCfg = Release|Any CPU
		{9B5F184A-239C-4A3B-B855-FBB134ADF148}.Ad-Hoc|iPhone.Build.0 = Release|Any CPU
		{9B5F184A-239C-4A3B-B855-FBB134ADF148}.Ad-Hoc|iPhone.Deploy.0 = Release|Any CPU
		{9B5F184A-239C-4A3B-B855-FBB134ADF148}.Ad-Hoc|iPhoneSimulator.ActiveCfg = Release|Any CPU
		{9B5F184A-239C-4A3B-B855-FBB134ADF148}.Ad-Hoc|iPhoneSimulator.Build.0 = Release|Any CPU
		{9B5F184A-239C-4A3B-B855-FBB134ADF148}.Ad-Hoc|iPhoneSimulator.Deploy.0 = Release|Any CPU
		{9B5F184A-239C-4A3B-B855-FBB134ADF148}.Ad-Hoc|x64.ActiveCfg = Release|Any CPU
		{9B5F184A-239C-4A3B-B855-FBB134ADF148}.Ad-Hoc|x64.Build.0 = Release|Any CPU
		{9B5F184A-239C-4A3B-B855-FBB134ADF148}.Ad-Hoc|x64.Deploy.0 = Release|Any CPU
		{9B5F184A-239C-4A3B-B855-FBB134ADF148}.Ad-Hoc|x86.ActiveCfg = Release|Any CPU
		{9B5F184A-239C-4A3B-B855-FBB134ADF148}.Ad-Hoc|x86.Build.0 = Release|Any CPU
		{9B5F184A-239C-4A3B-B855-FBB134ADF148}.Ad-Hoc|x86.Deploy.0 = Release|Any CPU
		{9B5F184A-239C-4A3B-B855-FBB134ADF148}.AppStore|Any CPU.ActiveCfg = Release|Any CPU
		{9B5F184A-239C-4A3B-B855-FBB134ADF148}.AppStore|Any CPU.Build.0 = Release|Any CPU
		{9B5F184A-239C-4A3B-B855-FBB134ADF148}.AppStore|Any CPU.Deploy.0 = Release|Any CPU
		{9B5F184A-239C-4A3B-B855-FBB134ADF148}.AppStore|ARM.ActiveCfg = Release|Any CPU
		{9B5F184A-239C-4A3B-B855-FBB134ADF148}.AppStore|ARM.Build.0 = Release|Any CPU
		{9B5F184A-239C-4A3B-B855-FBB134ADF148}.AppStore|ARM.Deploy.0 = Release|Any CPU
		{9B5F184A-239C-4A3B-B855-FBB134ADF148}.AppStore|iPhone.ActiveCfg = Release|Any CPU
		{9B5F184A-239C-4A3B-B855-FBB134ADF148}.AppStore|iPhone.Build.0 = Release|Any CPU
		{9B5F184A-239C-4A3B-B855-FBB134ADF148}.AppStore|iPhone.Deploy.0 = Release|Any CPU
		{9B5F184A-239C-4A3B-B855-FBB134ADF148}.AppStore|iPhoneSimulator.ActiveCfg = Release|Any CPU
		{9B5F184A-239C-4A3B-B855-FBB134ADF148}.AppStore|iPhoneSimulator.Build.0 = Release|Any CPU
		{9B5F184A-239C-4A3B-B855-FBB134ADF148}.AppStore|iPhoneSimulator.Deploy.0 = Release|Any CPU
		{9B5F184A-239C-4A3B-B855-FBB134ADF148}.AppStore|x64.ActiveCfg = Release|Any CPU
		{9B5F184A-239C-4A3B-B855-FBB134ADF148}.AppStore|x64.Build.0 = Release|Any CPU
		{9B5F184A-239C-4A3B-B855-FBB134ADF148}.AppStore|x64.Deploy.0 = Release|Any CPU
		{9B5F184A-239C-4A3B-B855-FBB134ADF148}.AppStore|x86.ActiveCfg = Release|Any CPU
		{9B5F184A-239C-4A3B-B855-FBB134ADF148}.AppStore|x86.Build.0 = Release|Any CPU
		{9B5F184A-239C-4A3B-B855-FBB134ADF148}.AppStore|x86.Deploy.0 = Release|Any CPU
		{9B5F184A-239C-4A3B-B855-FBB134ADF148}.Debug|Any CPU.ActiveCfg = Debug|Any CPU
		{9B5F184A-239C-4A3B-B855-FBB134ADF148}.Debug|Any CPU.Build.0 = Debug|Any CPU
		{9B5F184A-239C-4A3B-B855-FBB134ADF148}.Debug|Any CPU.Deploy.0 = Debug|Any CPU
		{9B5F184A-239C-4A3B-B855-FBB134ADF148}.Debug|ARM.ActiveCfg = Debug|Any CPU
		{9B5F184A-239C-4A3B-B855-FBB134ADF148}.Debug|ARM.Build.0 = Debug|Any CPU
		{9B5F184A-239C-4A3B-B855-FBB134ADF148}.Debug|ARM.Deploy.0 = Debug|Any CPU
		{9B5F184A-239C-4A3B-B855-FBB134ADF148}.Debug|iPhone.ActiveCfg = Debug|Any CPU
		{9B5F184A-239C-4A3B-B855-FBB134ADF148}.Debug|iPhone.Build.0 = Debug|Any CPU
		{9B5F184A-239C-4A3B-B855-FBB134ADF148}.Debug|iPhone.Deploy.0 = Debug|Any CPU
		{9B5F184A-239C-4A3B-B855-FBB134ADF148}.Debug|iPhoneSimulator.ActiveCfg = Debug|Any CPU
		{9B5F184A-239C-4A3B-B855-FBB134ADF148}.Debug|iPhoneSimulator.Build.0 = Debug|Any CPU
		{9B5F184A-239C-4A3B-B855-FBB134ADF148}.Debug|iPhoneSimulator.Deploy.0 = Debug|Any CPU
		{9B5F184A-239C-4A3B-B855-FBB134ADF148}.Debug|x64.ActiveCfg = Debug|Any CPU
		{9B5F184A-239C-4A3B-B855-FBB134ADF148}.Debug|x64.Build.0 = Debug|Any CPU
		{9B5F184A-239C-4A3B-B855-FBB134ADF148}.Debug|x64.Deploy.0 = Debug|Any CPU
		{9B5F184A-239C-4A3B-B855-FBB134ADF148}.Debug|x86.ActiveCfg = Debug|Any CPU
		{9B5F184A-239C-4A3B-B855-FBB134ADF148}.Debug|x86.Build.0 = Debug|Any CPU
		{9B5F184A-239C-4A3B-B855-FBB134ADF148}.Debug|x86.Deploy.0 = Debug|Any CPU
		{9B5F184A-239C-4A3B-B855-FBB134ADF148}.Release|Any CPU.ActiveCfg = Release|Any CPU
		{9B5F184A-239C-4A3B-B855-FBB134ADF148}.Release|Any CPU.Build.0 = Release|Any CPU
		{9B5F184A-239C-4A3B-B855-FBB134ADF148}.Release|Any CPU.Deploy.0 = Release|Any CPU
		{9B5F184A-239C-4A3B-B855-FBB134ADF148}.Release|ARM.ActiveCfg = Release|Any CPU
		{9B5F184A-239C-4A3B-B855-FBB134ADF148}.Release|ARM.Build.0 = Release|Any CPU
		{9B5F184A-239C-4A3B-B855-FBB134ADF148}.Release|ARM.Deploy.0 = Release|Any CPU
		{9B5F184A-239C-4A3B-B855-FBB134ADF148}.Release|iPhone.ActiveCfg = Release|Any CPU
		{9B5F184A-239C-4A3B-B855-FBB134ADF148}.Release|iPhone.Build.0 = Release|Any CPU
		{9B5F184A-239C-4A3B-B855-FBB134ADF148}.Release|iPhone.Deploy.0 = Release|Any CPU
		{9B5F184A-239C-4A3B-B855-FBB134ADF148}.Release|iPhoneSimulator.ActiveCfg = Release|Any CPU
		{9B5F184A-239C-4A3B-B855-FBB134ADF148}.Release|iPhoneSimulator.Build.0 = Release|Any CPU
		{9B5F184A-239C-4A3B-B855-FBB134ADF148}.Release|iPhoneSimulator.Deploy.0 = Release|Any CPU
		{9B5F184A-239C-4A3B-B855-FBB134ADF148}.Release|x64.ActiveCfg = Release|Any CPU
		{9B5F184A-239C-4A3B-B855-FBB134ADF148}.Release|x64.Build.0 = Release|Any CPU
		{9B5F184A-239C-4A3B-B855-FBB134ADF148}.Release|x64.Deploy.0 = Release|Any CPU
		{9B5F184A-239C-4A3B-B855-FBB134ADF148}.Release|x86.ActiveCfg = Release|Any CPU
		{9B5F184A-239C-4A3B-B855-FBB134ADF148}.Release|x86.Build.0 = Release|Any CPU
		{9B5F184A-239C-4A3B-B855-FBB134ADF148}.Release|x86.Deploy.0 = Release|Any CPU
		{E8F82FCF-FB07-4DE2-8B44-F40604C25CA4}.Ad-Hoc|Any CPU.ActiveCfg = Ad-Hoc|iPhone
		{E8F82FCF-FB07-4DE2-8B44-F40604C25CA4}.Ad-Hoc|ARM.ActiveCfg = Ad-Hoc|iPhone
		{E8F82FCF-FB07-4DE2-8B44-F40604C25CA4}.Ad-Hoc|iPhone.ActiveCfg = Ad-Hoc|iPhone
		{E8F82FCF-FB07-4DE2-8B44-F40604C25CA4}.Ad-Hoc|iPhone.Build.0 = Ad-Hoc|iPhone
		{E8F82FCF-FB07-4DE2-8B44-F40604C25CA4}.Ad-Hoc|iPhoneSimulator.ActiveCfg = Ad-Hoc|iPhoneSimulator
		{E8F82FCF-FB07-4DE2-8B44-F40604C25CA4}.Ad-Hoc|iPhoneSimulator.Build.0 = Ad-Hoc|iPhoneSimulator
		{E8F82FCF-FB07-4DE2-8B44-F40604C25CA4}.Ad-Hoc|x64.ActiveCfg = Ad-Hoc|iPhone
		{E8F82FCF-FB07-4DE2-8B44-F40604C25CA4}.Ad-Hoc|x86.ActiveCfg = Ad-Hoc|iPhone
		{E8F82FCF-FB07-4DE2-8B44-F40604C25CA4}.AppStore|Any CPU.ActiveCfg = AppStore|iPhone
		{E8F82FCF-FB07-4DE2-8B44-F40604C25CA4}.AppStore|ARM.ActiveCfg = AppStore|iPhone
		{E8F82FCF-FB07-4DE2-8B44-F40604C25CA4}.AppStore|iPhone.ActiveCfg = AppStore|iPhone
		{E8F82FCF-FB07-4DE2-8B44-F40604C25CA4}.AppStore|iPhone.Build.0 = AppStore|iPhone
		{E8F82FCF-FB07-4DE2-8B44-F40604C25CA4}.AppStore|iPhoneSimulator.ActiveCfg = AppStore|iPhoneSimulator
		{E8F82FCF-FB07-4DE2-8B44-F40604C25CA4}.AppStore|iPhoneSimulator.Build.0 = AppStore|iPhoneSimulator
		{E8F82FCF-FB07-4DE2-8B44-F40604C25CA4}.AppStore|x64.ActiveCfg = AppStore|iPhone
		{E8F82FCF-FB07-4DE2-8B44-F40604C25CA4}.AppStore|x86.ActiveCfg = AppStore|iPhone
		{E8F82FCF-FB07-4DE2-8B44-F40604C25CA4}.Debug|Any CPU.ActiveCfg = Debug|iPhone
		{E8F82FCF-FB07-4DE2-8B44-F40604C25CA4}.Debug|ARM.ActiveCfg = Debug|iPhone
		{E8F82FCF-FB07-4DE2-8B44-F40604C25CA4}.Debug|iPhone.ActiveCfg = Debug|iPhone
		{E8F82FCF-FB07-4DE2-8B44-F40604C25CA4}.Debug|iPhone.Build.0 = Debug|iPhone
		{E8F82FCF-FB07-4DE2-8B44-F40604C25CA4}.Debug|iPhoneSimulator.ActiveCfg = Debug|iPhoneSimulator
		{E8F82FCF-FB07-4DE2-8B44-F40604C25CA4}.Debug|iPhoneSimulator.Build.0 = Debug|iPhoneSimulator
		{E8F82FCF-FB07-4DE2-8B44-F40604C25CA4}.Debug|x64.ActiveCfg = Debug|iPhone
		{E8F82FCF-FB07-4DE2-8B44-F40604C25CA4}.Debug|x86.ActiveCfg = Debug|iPhone
		{E8F82FCF-FB07-4DE2-8B44-F40604C25CA4}.Release|Any CPU.ActiveCfg = Release|iPhone
		{E8F82FCF-FB07-4DE2-8B44-F40604C25CA4}.Release|ARM.ActiveCfg = Release|iPhone
		{E8F82FCF-FB07-4DE2-8B44-F40604C25CA4}.Release|iPhone.ActiveCfg = Release|iPhone
		{E8F82FCF-FB07-4DE2-8B44-F40604C25CA4}.Release|iPhone.Build.0 = Release|iPhone
		{E8F82FCF-FB07-4DE2-8B44-F40604C25CA4}.Release|iPhoneSimulator.ActiveCfg = Release|iPhoneSimulator
		{E8F82FCF-FB07-4DE2-8B44-F40604C25CA4}.Release|iPhoneSimulator.Build.0 = Release|iPhoneSimulator
		{E8F82FCF-FB07-4DE2-8B44-F40604C25CA4}.Release|x64.ActiveCfg = Release|iPhone
		{E8F82FCF-FB07-4DE2-8B44-F40604C25CA4}.Release|x86.ActiveCfg = Release|iPhone
		{5BC7D6E4-82A4-46AD-B2C6-1DE5B41E93DE}.Ad-Hoc|Any CPU.ActiveCfg = Release|Any CPU
		{5BC7D6E4-82A4-46AD-B2C6-1DE5B41E93DE}.Ad-Hoc|Any CPU.Build.0 = Release|Any CPU
		{5BC7D6E4-82A4-46AD-B2C6-1DE5B41E93DE}.Ad-Hoc|Any CPU.Deploy.0 = Release|Any CPU
		{5BC7D6E4-82A4-46AD-B2C6-1DE5B41E93DE}.Ad-Hoc|ARM.ActiveCfg = Release|ARM
		{5BC7D6E4-82A4-46AD-B2C6-1DE5B41E93DE}.Ad-Hoc|ARM.Build.0 = Release|ARM
		{5BC7D6E4-82A4-46AD-B2C6-1DE5B41E93DE}.Ad-Hoc|ARM.Deploy.0 = Release|ARM
		{5BC7D6E4-82A4-46AD-B2C6-1DE5B41E93DE}.Ad-Hoc|iPhone.ActiveCfg = Release|Any CPU
		{5BC7D6E4-82A4-46AD-B2C6-1DE5B41E93DE}.Ad-Hoc|iPhone.Build.0 = Release|Any CPU
		{5BC7D6E4-82A4-46AD-B2C6-1DE5B41E93DE}.Ad-Hoc|iPhone.Deploy.0 = Release|Any CPU
		{5BC7D6E4-82A4-46AD-B2C6-1DE5B41E93DE}.Ad-Hoc|iPhoneSimulator.ActiveCfg = Release|Any CPU
		{5BC7D6E4-82A4-46AD-B2C6-1DE5B41E93DE}.Ad-Hoc|iPhoneSimulator.Build.0 = Release|Any CPU
		{5BC7D6E4-82A4-46AD-B2C6-1DE5B41E93DE}.Ad-Hoc|iPhoneSimulator.Deploy.0 = Release|Any CPU
		{5BC7D6E4-82A4-46AD-B2C6-1DE5B41E93DE}.Ad-Hoc|x64.ActiveCfg = Release|Any CPU
		{5BC7D6E4-82A4-46AD-B2C6-1DE5B41E93DE}.Ad-Hoc|x64.Build.0 = Release|Any CPU
		{5BC7D6E4-82A4-46AD-B2C6-1DE5B41E93DE}.Ad-Hoc|x64.Deploy.0 = Release|Any CPU
		{5BC7D6E4-82A4-46AD-B2C6-1DE5B41E93DE}.Ad-Hoc|x86.ActiveCfg = Release|x86
		{5BC7D6E4-82A4-46AD-B2C6-1DE5B41E93DE}.Ad-Hoc|x86.Build.0 = Release|x86
		{5BC7D6E4-82A4-46AD-B2C6-1DE5B41E93DE}.Ad-Hoc|x86.Deploy.0 = Release|x86
		{5BC7D6E4-82A4-46AD-B2C6-1DE5B41E93DE}.AppStore|Any CPU.ActiveCfg = Release|Any CPU
		{5BC7D6E4-82A4-46AD-B2C6-1DE5B41E93DE}.AppStore|Any CPU.Build.0 = Release|Any CPU
		{5BC7D6E4-82A4-46AD-B2C6-1DE5B41E93DE}.AppStore|Any CPU.Deploy.0 = Release|Any CPU
		{5BC7D6E4-82A4-46AD-B2C6-1DE5B41E93DE}.AppStore|ARM.ActiveCfg = Release|ARM
		{5BC7D6E4-82A4-46AD-B2C6-1DE5B41E93DE}.AppStore|ARM.Build.0 = Release|ARM
		{5BC7D6E4-82A4-46AD-B2C6-1DE5B41E93DE}.AppStore|ARM.Deploy.0 = Release|ARM
		{5BC7D6E4-82A4-46AD-B2C6-1DE5B41E93DE}.AppStore|iPhone.ActiveCfg = Release|Any CPU
		{5BC7D6E4-82A4-46AD-B2C6-1DE5B41E93DE}.AppStore|iPhone.Build.0 = Release|Any CPU
		{5BC7D6E4-82A4-46AD-B2C6-1DE5B41E93DE}.AppStore|iPhone.Deploy.0 = Release|Any CPU
		{5BC7D6E4-82A4-46AD-B2C6-1DE5B41E93DE}.AppStore|iPhoneSimulator.ActiveCfg = Release|Any CPU
		{5BC7D6E4-82A4-46AD-B2C6-1DE5B41E93DE}.AppStore|iPhoneSimulator.Build.0 = Release|Any CPU
		{5BC7D6E4-82A4-46AD-B2C6-1DE5B41E93DE}.AppStore|iPhoneSimulator.Deploy.0 = Release|Any CPU
		{5BC7D6E4-82A4-46AD-B2C6-1DE5B41E93DE}.AppStore|x64.ActiveCfg = Release|Any CPU
		{5BC7D6E4-82A4-46AD-B2C6-1DE5B41E93DE}.AppStore|x64.Build.0 = Release|Any CPU
		{5BC7D6E4-82A4-46AD-B2C6-1DE5B41E93DE}.AppStore|x64.Deploy.0 = Release|Any CPU
		{5BC7D6E4-82A4-46AD-B2C6-1DE5B41E93DE}.AppStore|x86.ActiveCfg = Release|x86
		{5BC7D6E4-82A4-46AD-B2C6-1DE5B41E93DE}.AppStore|x86.Build.0 = Release|x86
		{5BC7D6E4-82A4-46AD-B2C6-1DE5B41E93DE}.AppStore|x86.Deploy.0 = Release|x86
		{5BC7D6E4-82A4-46AD-B2C6-1DE5B41E93DE}.Debug|Any CPU.ActiveCfg = Debug|Any CPU
		{5BC7D6E4-82A4-46AD-B2C6-1DE5B41E93DE}.Debug|Any CPU.Build.0 = Debug|Any CPU
		{5BC7D6E4-82A4-46AD-B2C6-1DE5B41E93DE}.Debug|Any CPU.Deploy.0 = Debug|Any CPU
		{5BC7D6E4-82A4-46AD-B2C6-1DE5B41E93DE}.Debug|ARM.ActiveCfg = Debug|ARM
		{5BC7D6E4-82A4-46AD-B2C6-1DE5B41E93DE}.Debug|ARM.Build.0 = Debug|ARM
		{5BC7D6E4-82A4-46AD-B2C6-1DE5B41E93DE}.Debug|ARM.Deploy.0 = Debug|ARM
		{5BC7D6E4-82A4-46AD-B2C6-1DE5B41E93DE}.Debug|iPhone.ActiveCfg = Debug|Any CPU
		{5BC7D6E4-82A4-46AD-B2C6-1DE5B41E93DE}.Debug|iPhone.Build.0 = Debug|Any CPU
		{5BC7D6E4-82A4-46AD-B2C6-1DE5B41E93DE}.Debug|iPhone.Deploy.0 = Debug|Any CPU
		{5BC7D6E4-82A4-46AD-B2C6-1DE5B41E93DE}.Debug|iPhoneSimulator.ActiveCfg = Debug|Any CPU
		{5BC7D6E4-82A4-46AD-B2C6-1DE5B41E93DE}.Debug|iPhoneSimulator.Build.0 = Debug|Any CPU
		{5BC7D6E4-82A4-46AD-B2C6-1DE5B41E93DE}.Debug|iPhoneSimulator.Deploy.0 = Debug|Any CPU
		{5BC7D6E4-82A4-46AD-B2C6-1DE5B41E93DE}.Debug|x64.ActiveCfg = Debug|Any CPU
		{5BC7D6E4-82A4-46AD-B2C6-1DE5B41E93DE}.Debug|x64.Build.0 = Debug|Any CPU
		{5BC7D6E4-82A4-46AD-B2C6-1DE5B41E93DE}.Debug|x64.Deploy.0 = Debug|Any CPU
		{5BC7D6E4-82A4-46AD-B2C6-1DE5B41E93DE}.Debug|x86.ActiveCfg = Debug|x86
		{5BC7D6E4-82A4-46AD-B2C6-1DE5B41E93DE}.Debug|x86.Build.0 = Debug|x86
		{5BC7D6E4-82A4-46AD-B2C6-1DE5B41E93DE}.Debug|x86.Deploy.0 = Debug|x86
		{5BC7D6E4-82A4-46AD-B2C6-1DE5B41E93DE}.Release|Any CPU.ActiveCfg = Release|Any CPU
		{5BC7D6E4-82A4-46AD-B2C6-1DE5B41E93DE}.Release|Any CPU.Build.0 = Release|Any CPU
		{5BC7D6E4-82A4-46AD-B2C6-1DE5B41E93DE}.Release|Any CPU.Deploy.0 = Release|Any CPU
		{5BC7D6E4-82A4-46AD-B2C6-1DE5B41E93DE}.Release|ARM.ActiveCfg = Release|ARM
		{5BC7D6E4-82A4-46AD-B2C6-1DE5B41E93DE}.Release|ARM.Build.0 = Release|ARM
		{5BC7D6E4-82A4-46AD-B2C6-1DE5B41E93DE}.Release|ARM.Deploy.0 = Release|ARM
		{5BC7D6E4-82A4-46AD-B2C6-1DE5B41E93DE}.Release|iPhone.ActiveCfg = Release|Any CPU
		{5BC7D6E4-82A4-46AD-B2C6-1DE5B41E93DE}.Release|iPhone.Build.0 = Release|Any CPU
		{5BC7D6E4-82A4-46AD-B2C6-1DE5B41E93DE}.Release|iPhone.Deploy.0 = Release|Any CPU
		{5BC7D6E4-82A4-46AD-B2C6-1DE5B41E93DE}.Release|iPhoneSimulator.ActiveCfg = Release|Any CPU
		{5BC7D6E4-82A4-46AD-B2C6-1DE5B41E93DE}.Release|iPhoneSimulator.Build.0 = Release|Any CPU
		{5BC7D6E4-82A4-46AD-B2C6-1DE5B41E93DE}.Release|iPhoneSimulator.Deploy.0 = Release|Any CPU
		{5BC7D6E4-82A4-46AD-B2C6-1DE5B41E93DE}.Release|x64.ActiveCfg = Release|Any CPU
		{5BC7D6E4-82A4-46AD-B2C6-1DE5B41E93DE}.Release|x64.Build.0 = Release|Any CPU
		{5BC7D6E4-82A4-46AD-B2C6-1DE5B41E93DE}.Release|x64.Deploy.0 = Release|Any CPU
		{5BC7D6E4-82A4-46AD-B2C6-1DE5B41E93DE}.Release|x86.ActiveCfg = Release|x86
		{5BC7D6E4-82A4-46AD-B2C6-1DE5B41E93DE}.Release|x86.Build.0 = Release|x86
		{5BC7D6E4-82A4-46AD-B2C6-1DE5B41E93DE}.Release|x86.Deploy.0 = Release|x86
		{62E1E084-5D9B-4F0A-A3F1-D1938E451FC4}.Ad-Hoc|Any CPU.ActiveCfg = Release|x86
		{62E1E084-5D9B-4F0A-A3F1-D1938E451FC4}.Ad-Hoc|Any CPU.Build.0 = Release|x86
		{62E1E084-5D9B-4F0A-A3F1-D1938E451FC4}.Ad-Hoc|Any CPU.Deploy.0 = Release|x86
		{62E1E084-5D9B-4F0A-A3F1-D1938E451FC4}.Ad-Hoc|ARM.ActiveCfg = Release|ARM
		{62E1E084-5D9B-4F0A-A3F1-D1938E451FC4}.Ad-Hoc|ARM.Build.0 = Release|ARM
		{62E1E084-5D9B-4F0A-A3F1-D1938E451FC4}.Ad-Hoc|ARM.Deploy.0 = Release|ARM
		{62E1E084-5D9B-4F0A-A3F1-D1938E451FC4}.Ad-Hoc|iPhone.ActiveCfg = Release|x86
		{62E1E084-5D9B-4F0A-A3F1-D1938E451FC4}.Ad-Hoc|iPhone.Build.0 = Release|x86
		{62E1E084-5D9B-4F0A-A3F1-D1938E451FC4}.Ad-Hoc|iPhone.Deploy.0 = Release|x86
		{62E1E084-5D9B-4F0A-A3F1-D1938E451FC4}.Ad-Hoc|iPhoneSimulator.ActiveCfg = Release|x86
		{62E1E084-5D9B-4F0A-A3F1-D1938E451FC4}.Ad-Hoc|iPhoneSimulator.Build.0 = Release|x86
		{62E1E084-5D9B-4F0A-A3F1-D1938E451FC4}.Ad-Hoc|iPhoneSimulator.Deploy.0 = Release|x86
		{62E1E084-5D9B-4F0A-A3F1-D1938E451FC4}.Ad-Hoc|x64.ActiveCfg = Release|x64
		{62E1E084-5D9B-4F0A-A3F1-D1938E451FC4}.Ad-Hoc|x64.Build.0 = Release|x64
		{62E1E084-5D9B-4F0A-A3F1-D1938E451FC4}.Ad-Hoc|x64.Deploy.0 = Release|x64
		{62E1E084-5D9B-4F0A-A3F1-D1938E451FC4}.Ad-Hoc|x86.ActiveCfg = Release|x86
		{62E1E084-5D9B-4F0A-A3F1-D1938E451FC4}.Ad-Hoc|x86.Build.0 = Release|x86
		{62E1E084-5D9B-4F0A-A3F1-D1938E451FC4}.Ad-Hoc|x86.Deploy.0 = Release|x86
		{62E1E084-5D9B-4F0A-A3F1-D1938E451FC4}.AppStore|Any CPU.ActiveCfg = Release|x86
		{62E1E084-5D9B-4F0A-A3F1-D1938E451FC4}.AppStore|Any CPU.Build.0 = Release|x86
		{62E1E084-5D9B-4F0A-A3F1-D1938E451FC4}.AppStore|Any CPU.Deploy.0 = Release|x86
		{62E1E084-5D9B-4F0A-A3F1-D1938E451FC4}.AppStore|ARM.ActiveCfg = Release|ARM
		{62E1E084-5D9B-4F0A-A3F1-D1938E451FC4}.AppStore|ARM.Build.0 = Release|ARM
		{62E1E084-5D9B-4F0A-A3F1-D1938E451FC4}.AppStore|ARM.Deploy.0 = Release|ARM
		{62E1E084-5D9B-4F0A-A3F1-D1938E451FC4}.AppStore|iPhone.ActiveCfg = Release|x86
		{62E1E084-5D9B-4F0A-A3F1-D1938E451FC4}.AppStore|iPhone.Build.0 = Release|x86
		{62E1E084-5D9B-4F0A-A3F1-D1938E451FC4}.AppStore|iPhone.Deploy.0 = Release|x86
		{62E1E084-5D9B-4F0A-A3F1-D1938E451FC4}.AppStore|iPhoneSimulator.ActiveCfg = Release|x86
		{62E1E084-5D9B-4F0A-A3F1-D1938E451FC4}.AppStore|iPhoneSimulator.Build.0 = Release|x86
		{62E1E084-5D9B-4F0A-A3F1-D1938E451FC4}.AppStore|iPhoneSimulator.Deploy.0 = Release|x86
		{62E1E084-5D9B-4F0A-A3F1-D1938E451FC4}.AppStore|x64.ActiveCfg = Release|x64
		{62E1E084-5D9B-4F0A-A3F1-D1938E451FC4}.AppStore|x64.Build.0 = Release|x64
		{62E1E084-5D9B-4F0A-A3F1-D1938E451FC4}.AppStore|x64.Deploy.0 = Release|x64
		{62E1E084-5D9B-4F0A-A3F1-D1938E451FC4}.AppStore|x86.ActiveCfg = Release|x86
		{62E1E084-5D9B-4F0A-A3F1-D1938E451FC4}.AppStore|x86.Build.0 = Release|x86
		{62E1E084-5D9B-4F0A-A3F1-D1938E451FC4}.AppStore|x86.Deploy.0 = Release|x86
		{62E1E084-5D9B-4F0A-A3F1-D1938E451FC4}.Debug|Any CPU.ActiveCfg = Debug|x86
		{62E1E084-5D9B-4F0A-A3F1-D1938E451FC4}.Debug|ARM.ActiveCfg = Debug|ARM
		{62E1E084-5D9B-4F0A-A3F1-D1938E451FC4}.Debug|ARM.Build.0 = Debug|ARM
		{62E1E084-5D9B-4F0A-A3F1-D1938E451FC4}.Debug|ARM.Deploy.0 = Debug|ARM
		{62E1E084-5D9B-4F0A-A3F1-D1938E451FC4}.Debug|iPhone.ActiveCfg = Debug|x86
		{62E1E084-5D9B-4F0A-A3F1-D1938E451FC4}.Debug|iPhoneSimulator.ActiveCfg = Debug|x86
		{62E1E084-5D9B-4F0A-A3F1-D1938E451FC4}.Debug|x64.ActiveCfg = Debug|x64
		{62E1E084-5D9B-4F0A-A3F1-D1938E451FC4}.Debug|x64.Build.0 = Debug|x64
		{62E1E084-5D9B-4F0A-A3F1-D1938E451FC4}.Debug|x64.Deploy.0 = Debug|x64
		{62E1E084-5D9B-4F0A-A3F1-D1938E451FC4}.Debug|x86.ActiveCfg = Debug|x86
		{62E1E084-5D9B-4F0A-A3F1-D1938E451FC4}.Debug|x86.Build.0 = Debug|x86
		{62E1E084-5D9B-4F0A-A3F1-D1938E451FC4}.Debug|x86.Deploy.0 = Debug|x86
		{62E1E084-5D9B-4F0A-A3F1-D1938E451FC4}.Release|Any CPU.ActiveCfg = Release|x86
		{62E1E084-5D9B-4F0A-A3F1-D1938E451FC4}.Release|ARM.ActiveCfg = Release|ARM
		{62E1E084-5D9B-4F0A-A3F1-D1938E451FC4}.Release|ARM.Build.0 = Release|ARM
		{62E1E084-5D9B-4F0A-A3F1-D1938E451FC4}.Release|ARM.Deploy.0 = Release|ARM
		{62E1E084-5D9B-4F0A-A3F1-D1938E451FC4}.Release|iPhone.ActiveCfg = Release|x86
		{62E1E084-5D9B-4F0A-A3F1-D1938E451FC4}.Release|iPhoneSimulator.ActiveCfg = Release|x86
		{62E1E084-5D9B-4F0A-A3F1-D1938E451FC4}.Release|x64.ActiveCfg = Release|x64
		{62E1E084-5D9B-4F0A-A3F1-D1938E451FC4}.Release|x64.Build.0 = Release|x64
		{62E1E084-5D9B-4F0A-A3F1-D1938E451FC4}.Release|x64.Deploy.0 = Release|x64
		{62E1E084-5D9B-4F0A-A3F1-D1938E451FC4}.Release|x86.ActiveCfg = Release|x86
		{62E1E084-5D9B-4F0A-A3F1-D1938E451FC4}.Release|x86.Build.0 = Release|x86
		{62E1E084-5D9B-4F0A-A3F1-D1938E451FC4}.Release|x86.Deploy.0 = Release|x86
		{21024E0D-7398-4517-B863-8DBDF6275613}.Ad-Hoc|Any CPU.ActiveCfg = Release|Any CPU
		{21024E0D-7398-4517-B863-8DBDF6275613}.Ad-Hoc|Any CPU.Build.0 = Release|Any CPU
		{21024E0D-7398-4517-B863-8DBDF6275613}.Ad-Hoc|Any CPU.Deploy.0 = Release|Any CPU
		{21024E0D-7398-4517-B863-8DBDF6275613}.Ad-Hoc|ARM.ActiveCfg = Release|ARM
		{21024E0D-7398-4517-B863-8DBDF6275613}.Ad-Hoc|ARM.Build.0 = Release|ARM
		{21024E0D-7398-4517-B863-8DBDF6275613}.Ad-Hoc|ARM.Deploy.0 = Release|ARM
		{21024E0D-7398-4517-B863-8DBDF6275613}.Ad-Hoc|iPhone.ActiveCfg = Release|Any CPU
		{21024E0D-7398-4517-B863-8DBDF6275613}.Ad-Hoc|iPhone.Build.0 = Release|Any CPU
		{21024E0D-7398-4517-B863-8DBDF6275613}.Ad-Hoc|iPhone.Deploy.0 = Release|Any CPU
		{21024E0D-7398-4517-B863-8DBDF6275613}.Ad-Hoc|iPhoneSimulator.ActiveCfg = Release|Any CPU
		{21024E0D-7398-4517-B863-8DBDF6275613}.Ad-Hoc|iPhoneSimulator.Build.0 = Release|Any CPU
		{21024E0D-7398-4517-B863-8DBDF6275613}.Ad-Hoc|iPhoneSimulator.Deploy.0 = Release|Any CPU
		{21024E0D-7398-4517-B863-8DBDF6275613}.Ad-Hoc|x64.ActiveCfg = Release|x64
		{21024E0D-7398-4517-B863-8DBDF6275613}.Ad-Hoc|x64.Build.0 = Release|x64
		{21024E0D-7398-4517-B863-8DBDF6275613}.Ad-Hoc|x64.Deploy.0 = Release|x64
		{21024E0D-7398-4517-B863-8DBDF6275613}.Ad-Hoc|x86.ActiveCfg = Release|x86
		{21024E0D-7398-4517-B863-8DBDF6275613}.Ad-Hoc|x86.Build.0 = Release|x86
		{21024E0D-7398-4517-B863-8DBDF6275613}.Ad-Hoc|x86.Deploy.0 = Release|x86
		{21024E0D-7398-4517-B863-8DBDF6275613}.AppStore|Any CPU.ActiveCfg = Release|Any CPU
		{21024E0D-7398-4517-B863-8DBDF6275613}.AppStore|Any CPU.Build.0 = Release|Any CPU
		{21024E0D-7398-4517-B863-8DBDF6275613}.AppStore|Any CPU.Deploy.0 = Release|Any CPU
		{21024E0D-7398-4517-B863-8DBDF6275613}.AppStore|ARM.ActiveCfg = Release|ARM
		{21024E0D-7398-4517-B863-8DBDF6275613}.AppStore|ARM.Build.0 = Release|ARM
		{21024E0D-7398-4517-B863-8DBDF6275613}.AppStore|ARM.Deploy.0 = Release|ARM
		{21024E0D-7398-4517-B863-8DBDF6275613}.AppStore|iPhone.ActiveCfg = Release|Any CPU
		{21024E0D-7398-4517-B863-8DBDF6275613}.AppStore|iPhone.Build.0 = Release|Any CPU
		{21024E0D-7398-4517-B863-8DBDF6275613}.AppStore|iPhone.Deploy.0 = Release|Any CPU
		{21024E0D-7398-4517-B863-8DBDF6275613}.AppStore|iPhoneSimulator.ActiveCfg = Release|Any CPU
		{21024E0D-7398-4517-B863-8DBDF6275613}.AppStore|iPhoneSimulator.Build.0 = Release|Any CPU
		{21024E0D-7398-4517-B863-8DBDF6275613}.AppStore|iPhoneSimulator.Deploy.0 = Release|Any CPU
		{21024E0D-7398-4517-B863-8DBDF6275613}.AppStore|x64.ActiveCfg = Release|x64
		{21024E0D-7398-4517-B863-8DBDF6275613}.AppStore|x64.Build.0 = Release|x64
		{21024E0D-7398-4517-B863-8DBDF6275613}.AppStore|x64.Deploy.0 = Release|x64
		{21024E0D-7398-4517-B863-8DBDF6275613}.AppStore|x86.ActiveCfg = Release|x86
		{21024E0D-7398-4517-B863-8DBDF6275613}.AppStore|x86.Build.0 = Release|x86
		{21024E0D-7398-4517-B863-8DBDF6275613}.AppStore|x86.Deploy.0 = Release|x86
		{21024E0D-7398-4517-B863-8DBDF6275613}.Debug|Any CPU.ActiveCfg = Debug|Any CPU
		{21024E0D-7398-4517-B863-8DBDF6275613}.Debug|Any CPU.Build.0 = Debug|Any CPU
		{21024E0D-7398-4517-B863-8DBDF6275613}.Debug|Any CPU.Deploy.0 = Debug|Any CPU
		{21024E0D-7398-4517-B863-8DBDF6275613}.Debug|ARM.ActiveCfg = Debug|ARM
		{21024E0D-7398-4517-B863-8DBDF6275613}.Debug|ARM.Build.0 = Debug|ARM
		{21024E0D-7398-4517-B863-8DBDF6275613}.Debug|ARM.Deploy.0 = Debug|ARM
		{21024E0D-7398-4517-B863-8DBDF6275613}.Debug|iPhone.ActiveCfg = Debug|Any CPU
		{21024E0D-7398-4517-B863-8DBDF6275613}.Debug|iPhone.Build.0 = Debug|Any CPU
		{21024E0D-7398-4517-B863-8DBDF6275613}.Debug|iPhone.Deploy.0 = Debug|Any CPU
		{21024E0D-7398-4517-B863-8DBDF6275613}.Debug|iPhoneSimulator.ActiveCfg = Debug|Any CPU
		{21024E0D-7398-4517-B863-8DBDF6275613}.Debug|iPhoneSimulator.Build.0 = Debug|Any CPU
		{21024E0D-7398-4517-B863-8DBDF6275613}.Debug|iPhoneSimulator.Deploy.0 = Debug|Any CPU
		{21024E0D-7398-4517-B863-8DBDF6275613}.Debug|x64.ActiveCfg = Debug|x64
		{21024E0D-7398-4517-B863-8DBDF6275613}.Debug|x64.Build.0 = Debug|x64
		{21024E0D-7398-4517-B863-8DBDF6275613}.Debug|x64.Deploy.0 = Debug|x64
		{21024E0D-7398-4517-B863-8DBDF6275613}.Debug|x86.ActiveCfg = Debug|x86
		{21024E0D-7398-4517-B863-8DBDF6275613}.Debug|x86.Build.0 = Debug|x86
		{21024E0D-7398-4517-B863-8DBDF6275613}.Debug|x86.Deploy.0 = Debug|x86
		{21024E0D-7398-4517-B863-8DBDF6275613}.Release|Any CPU.ActiveCfg = Release|Any CPU
		{21024E0D-7398-4517-B863-8DBDF6275613}.Release|Any CPU.Build.0 = Release|Any CPU
		{21024E0D-7398-4517-B863-8DBDF6275613}.Release|Any CPU.Deploy.0 = Release|Any CPU
		{21024E0D-7398-4517-B863-8DBDF6275613}.Release|ARM.ActiveCfg = Release|ARM
		{21024E0D-7398-4517-B863-8DBDF6275613}.Release|ARM.Build.0 = Release|ARM
		{21024E0D-7398-4517-B863-8DBDF6275613}.Release|ARM.Deploy.0 = Release|ARM
		{21024E0D-7398-4517-B863-8DBDF6275613}.Release|iPhone.ActiveCfg = Release|Any CPU
		{21024E0D-7398-4517-B863-8DBDF6275613}.Release|iPhone.Build.0 = Release|Any CPU
		{21024E0D-7398-4517-B863-8DBDF6275613}.Release|iPhone.Deploy.0 = Release|Any CPU
		{21024E0D-7398-4517-B863-8DBDF6275613}.Release|iPhoneSimulator.ActiveCfg = Release|Any CPU
		{21024E0D-7398-4517-B863-8DBDF6275613}.Release|iPhoneSimulator.Build.0 = Release|Any CPU
		{21024E0D-7398-4517-B863-8DBDF6275613}.Release|iPhoneSimulator.Deploy.0 = Release|Any CPU
		{21024E0D-7398-4517-B863-8DBDF6275613}.Release|x64.ActiveCfg = Release|x64
		{21024E0D-7398-4517-B863-8DBDF6275613}.Release|x64.Build.0 = Release|x64
		{21024E0D-7398-4517-B863-8DBDF6275613}.Release|x64.Deploy.0 = Release|x64
		{21024E0D-7398-4517-B863-8DBDF6275613}.Release|x86.ActiveCfg = Release|x86
		{21024E0D-7398-4517-B863-8DBDF6275613}.Release|x86.Build.0 = Release|x86
		{21024E0D-7398-4517-B863-8DBDF6275613}.Release|x86.Deploy.0 = Release|x86
		{DCC9FF65-C611-4261-95F2-ED7AD7EF8A8E}.Ad-Hoc|Any CPU.ActiveCfg = Release|Any CPU
		{DCC9FF65-C611-4261-95F2-ED7AD7EF8A8E}.Ad-Hoc|Any CPU.Build.0 = Release|Any CPU
		{DCC9FF65-C611-4261-95F2-ED7AD7EF8A8E}.Ad-Hoc|ARM.ActiveCfg = Release|Any CPU
		{DCC9FF65-C611-4261-95F2-ED7AD7EF8A8E}.Ad-Hoc|ARM.Build.0 = Release|Any CPU
		{DCC9FF65-C611-4261-95F2-ED7AD7EF8A8E}.Ad-Hoc|iPhone.ActiveCfg = Release|Any CPU
		{DCC9FF65-C611-4261-95F2-ED7AD7EF8A8E}.Ad-Hoc|iPhone.Build.0 = Release|Any CPU
		{DCC9FF65-C611-4261-95F2-ED7AD7EF8A8E}.Ad-Hoc|iPhoneSimulator.ActiveCfg = Release|Any CPU
		{DCC9FF65-C611-4261-95F2-ED7AD7EF8A8E}.Ad-Hoc|iPhoneSimulator.Build.0 = Release|Any CPU
		{DCC9FF65-C611-4261-95F2-ED7AD7EF8A8E}.Ad-Hoc|x64.ActiveCfg = Release|Any CPU
		{DCC9FF65-C611-4261-95F2-ED7AD7EF8A8E}.Ad-Hoc|x64.Build.0 = Release|Any CPU
		{DCC9FF65-C611-4261-95F2-ED7AD7EF8A8E}.Ad-Hoc|x86.ActiveCfg = Release|Any CPU
		{DCC9FF65-C611-4261-95F2-ED7AD7EF8A8E}.Ad-Hoc|x86.Build.0 = Release|Any CPU
		{DCC9FF65-C611-4261-95F2-ED7AD7EF8A8E}.AppStore|Any CPU.ActiveCfg = Release|Any CPU
		{DCC9FF65-C611-4261-95F2-ED7AD7EF8A8E}.AppStore|Any CPU.Build.0 = Release|Any CPU
		{DCC9FF65-C611-4261-95F2-ED7AD7EF8A8E}.AppStore|ARM.ActiveCfg = Release|Any CPU
		{DCC9FF65-C611-4261-95F2-ED7AD7EF8A8E}.AppStore|ARM.Build.0 = Release|Any CPU
		{DCC9FF65-C611-4261-95F2-ED7AD7EF8A8E}.AppStore|iPhone.ActiveCfg = Release|Any CPU
		{DCC9FF65-C611-4261-95F2-ED7AD7EF8A8E}.AppStore|iPhone.Build.0 = Release|Any CPU
		{DCC9FF65-C611-4261-95F2-ED7AD7EF8A8E}.AppStore|iPhoneSimulator.ActiveCfg = Release|Any CPU
		{DCC9FF65-C611-4261-95F2-ED7AD7EF8A8E}.AppStore|iPhoneSimulator.Build.0 = Release|Any CPU
		{DCC9FF65-C611-4261-95F2-ED7AD7EF8A8E}.AppStore|x64.ActiveCfg = Release|Any CPU
		{DCC9FF65-C611-4261-95F2-ED7AD7EF8A8E}.AppStore|x64.Build.0 = Release|Any CPU
		{DCC9FF65-C611-4261-95F2-ED7AD7EF8A8E}.AppStore|x86.ActiveCfg = Release|Any CPU
		{DCC9FF65-C611-4261-95F2-ED7AD7EF8A8E}.AppStore|x86.Build.0 = Release|Any CPU
		{DCC9FF65-C611-4261-95F2-ED7AD7EF8A8E}.Debug|Any CPU.ActiveCfg = Debug|Any CPU
		{DCC9FF65-C611-4261-95F2-ED7AD7EF8A8E}.Debug|Any CPU.Build.0 = Debug|Any CPU
		{DCC9FF65-C611-4261-95F2-ED7AD7EF8A8E}.Debug|ARM.ActiveCfg = Debug|Any CPU
		{DCC9FF65-C611-4261-95F2-ED7AD7EF8A8E}.Debug|ARM.Build.0 = Debug|Any CPU
		{DCC9FF65-C611-4261-95F2-ED7AD7EF8A8E}.Debug|iPhone.ActiveCfg = Debug|Any CPU
		{DCC9FF65-C611-4261-95F2-ED7AD7EF8A8E}.Debug|iPhone.Build.0 = Debug|Any CPU
		{DCC9FF65-C611-4261-95F2-ED7AD7EF8A8E}.Debug|iPhoneSimulator.ActiveCfg = Debug|Any CPU
		{DCC9FF65-C611-4261-95F2-ED7AD7EF8A8E}.Debug|iPhoneSimulator.Build.0 = Debug|Any CPU
		{DCC9FF65-C611-4261-95F2-ED7AD7EF8A8E}.Debug|x64.ActiveCfg = Debug|Any CPU
		{DCC9FF65-C611-4261-95F2-ED7AD7EF8A8E}.Debug|x64.Build.0 = Debug|Any CPU
		{DCC9FF65-C611-4261-95F2-ED7AD7EF8A8E}.Debug|x86.ActiveCfg = Debug|Any CPU
		{DCC9FF65-C611-4261-95F2-ED7AD7EF8A8E}.Debug|x86.Build.0 = Debug|Any CPU
		{DCC9FF65-C611-4261-95F2-ED7AD7EF8A8E}.Release|Any CPU.ActiveCfg = Release|Any CPU
		{DCC9FF65-C611-4261-95F2-ED7AD7EF8A8E}.Release|Any CPU.Build.0 = Release|Any CPU
		{DCC9FF65-C611-4261-95F2-ED7AD7EF8A8E}.Release|ARM.ActiveCfg = Release|Any CPU
		{DCC9FF65-C611-4261-95F2-ED7AD7EF8A8E}.Release|ARM.Build.0 = Release|Any CPU
		{DCC9FF65-C611-4261-95F2-ED7AD7EF8A8E}.Release|iPhone.ActiveCfg = Release|Any CPU
		{DCC9FF65-C611-4261-95F2-ED7AD7EF8A8E}.Release|iPhone.Build.0 = Release|Any CPU
		{DCC9FF65-C611-4261-95F2-ED7AD7EF8A8E}.Release|iPhoneSimulator.ActiveCfg = Release|Any CPU
		{DCC9FF65-C611-4261-95F2-ED7AD7EF8A8E}.Release|iPhoneSimulator.Build.0 = Release|Any CPU
		{DCC9FF65-C611-4261-95F2-ED7AD7EF8A8E}.Release|x64.ActiveCfg = Release|Any CPU
		{DCC9FF65-C611-4261-95F2-ED7AD7EF8A8E}.Release|x64.Build.0 = Release|Any CPU
		{DCC9FF65-C611-4261-95F2-ED7AD7EF8A8E}.Release|x86.ActiveCfg = Release|Any CPU
		{DCC9FF65-C611-4261-95F2-ED7AD7EF8A8E}.Release|x86.Build.0 = Release|Any CPU
		{D141D385-2C78-482F-BFFF-DFA66F05E0BD}.Ad-Hoc|Any CPU.ActiveCfg = Release|Any CPU
		{D141D385-2C78-482F-BFFF-DFA66F05E0BD}.Ad-Hoc|Any CPU.Build.0 = Release|Any CPU
		{D141D385-2C78-482F-BFFF-DFA66F05E0BD}.Ad-Hoc|ARM.ActiveCfg = Release|Any CPU
		{D141D385-2C78-482F-BFFF-DFA66F05E0BD}.Ad-Hoc|ARM.Build.0 = Release|Any CPU
		{D141D385-2C78-482F-BFFF-DFA66F05E0BD}.Ad-Hoc|iPhone.ActiveCfg = Release|Any CPU
		{D141D385-2C78-482F-BFFF-DFA66F05E0BD}.Ad-Hoc|iPhone.Build.0 = Release|Any CPU
		{D141D385-2C78-482F-BFFF-DFA66F05E0BD}.Ad-Hoc|iPhoneSimulator.ActiveCfg = Release|Any CPU
		{D141D385-2C78-482F-BFFF-DFA66F05E0BD}.Ad-Hoc|iPhoneSimulator.Build.0 = Release|Any CPU
		{D141D385-2C78-482F-BFFF-DFA66F05E0BD}.Ad-Hoc|x64.ActiveCfg = Release|Any CPU
		{D141D385-2C78-482F-BFFF-DFA66F05E0BD}.Ad-Hoc|x64.Build.0 = Release|Any CPU
		{D141D385-2C78-482F-BFFF-DFA66F05E0BD}.Ad-Hoc|x86.ActiveCfg = Release|Any CPU
		{D141D385-2C78-482F-BFFF-DFA66F05E0BD}.Ad-Hoc|x86.Build.0 = Release|Any CPU
		{D141D385-2C78-482F-BFFF-DFA66F05E0BD}.AppStore|Any CPU.ActiveCfg = Release|Any CPU
		{D141D385-2C78-482F-BFFF-DFA66F05E0BD}.AppStore|Any CPU.Build.0 = Release|Any CPU
		{D141D385-2C78-482F-BFFF-DFA66F05E0BD}.AppStore|ARM.ActiveCfg = Release|Any CPU
		{D141D385-2C78-482F-BFFF-DFA66F05E0BD}.AppStore|ARM.Build.0 = Release|Any CPU
		{D141D385-2C78-482F-BFFF-DFA66F05E0BD}.AppStore|iPhone.ActiveCfg = Release|Any CPU
		{D141D385-2C78-482F-BFFF-DFA66F05E0BD}.AppStore|iPhone.Build.0 = Release|Any CPU
		{D141D385-2C78-482F-BFFF-DFA66F05E0BD}.AppStore|iPhoneSimulator.ActiveCfg = Release|Any CPU
		{D141D385-2C78-482F-BFFF-DFA66F05E0BD}.AppStore|iPhoneSimulator.Build.0 = Release|Any CPU
		{D141D385-2C78-482F-BFFF-DFA66F05E0BD}.AppStore|x64.ActiveCfg = Release|Any CPU
		{D141D385-2C78-482F-BFFF-DFA66F05E0BD}.AppStore|x64.Build.0 = Release|Any CPU
		{D141D385-2C78-482F-BFFF-DFA66F05E0BD}.AppStore|x86.ActiveCfg = Release|Any CPU
		{D141D385-2C78-482F-BFFF-DFA66F05E0BD}.AppStore|x86.Build.0 = Release|Any CPU
		{D141D385-2C78-482F-BFFF-DFA66F05E0BD}.Debug|Any CPU.ActiveCfg = Debug|Any CPU
		{D141D385-2C78-482F-BFFF-DFA66F05E0BD}.Debug|Any CPU.Build.0 = Debug|Any CPU
		{D141D385-2C78-482F-BFFF-DFA66F05E0BD}.Debug|ARM.ActiveCfg = Debug|Any CPU
		{D141D385-2C78-482F-BFFF-DFA66F05E0BD}.Debug|ARM.Build.0 = Debug|Any CPU
		{D141D385-2C78-482F-BFFF-DFA66F05E0BD}.Debug|iPhone.ActiveCfg = Debug|Any CPU
		{D141D385-2C78-482F-BFFF-DFA66F05E0BD}.Debug|iPhone.Build.0 = Debug|Any CPU
		{D141D385-2C78-482F-BFFF-DFA66F05E0BD}.Debug|iPhoneSimulator.ActiveCfg = Debug|Any CPU
		{D141D385-2C78-482F-BFFF-DFA66F05E0BD}.Debug|iPhoneSimulator.Build.0 = Debug|Any CPU
		{D141D385-2C78-482F-BFFF-DFA66F05E0BD}.Debug|x64.ActiveCfg = Debug|Any CPU
		{D141D385-2C78-482F-BFFF-DFA66F05E0BD}.Debug|x64.Build.0 = Debug|Any CPU
		{D141D385-2C78-482F-BFFF-DFA66F05E0BD}.Debug|x86.ActiveCfg = Debug|Any CPU
		{D141D385-2C78-482F-BFFF-DFA66F05E0BD}.Debug|x86.Build.0 = Debug|Any CPU
		{D141D385-2C78-482F-BFFF-DFA66F05E0BD}.Release|Any CPU.ActiveCfg = Release|Any CPU
		{D141D385-2C78-482F-BFFF-DFA66F05E0BD}.Release|Any CPU.Build.0 = Release|Any CPU
		{D141D385-2C78-482F-BFFF-DFA66F05E0BD}.Release|ARM.ActiveCfg = Release|Any CPU
		{D141D385-2C78-482F-BFFF-DFA66F05E0BD}.Release|ARM.Build.0 = Release|Any CPU
		{D141D385-2C78-482F-BFFF-DFA66F05E0BD}.Release|iPhone.ActiveCfg = Release|Any CPU
		{D141D385-2C78-482F-BFFF-DFA66F05E0BD}.Release|iPhone.Build.0 = Release|Any CPU
		{D141D385-2C78-482F-BFFF-DFA66F05E0BD}.Release|iPhoneSimulator.ActiveCfg = Release|Any CPU
		{D141D385-2C78-482F-BFFF-DFA66F05E0BD}.Release|iPhoneSimulator.Build.0 = Release|Any CPU
		{D141D385-2C78-482F-BFFF-DFA66F05E0BD}.Release|x64.ActiveCfg = Release|Any CPU
		{D141D385-2C78-482F-BFFF-DFA66F05E0BD}.Release|x64.Build.0 = Release|Any CPU
		{D141D385-2C78-482F-BFFF-DFA66F05E0BD}.Release|x86.ActiveCfg = Release|Any CPU
		{D141D385-2C78-482F-BFFF-DFA66F05E0BD}.Release|x86.Build.0 = Release|Any CPU
		{1C993E88-53A4-4F92-9885-8281E474569C}.Ad-Hoc|Any CPU.ActiveCfg = Release|Any CPU
		{1C993E88-53A4-4F92-9885-8281E474569C}.Ad-Hoc|Any CPU.Build.0 = Release|Any CPU
		{1C993E88-53A4-4F92-9885-8281E474569C}.Ad-Hoc|ARM.ActiveCfg = Release|Any CPU
		{1C993E88-53A4-4F92-9885-8281E474569C}.Ad-Hoc|ARM.Build.0 = Release|Any CPU
		{1C993E88-53A4-4F92-9885-8281E474569C}.Ad-Hoc|iPhone.ActiveCfg = Release|Any CPU
		{1C993E88-53A4-4F92-9885-8281E474569C}.Ad-Hoc|iPhone.Build.0 = Release|Any CPU
		{1C993E88-53A4-4F92-9885-8281E474569C}.Ad-Hoc|iPhoneSimulator.ActiveCfg = Release|Any CPU
		{1C993E88-53A4-4F92-9885-8281E474569C}.Ad-Hoc|iPhoneSimulator.Build.0 = Release|Any CPU
		{1C993E88-53A4-4F92-9885-8281E474569C}.Ad-Hoc|x64.ActiveCfg = Release|Any CPU
		{1C993E88-53A4-4F92-9885-8281E474569C}.Ad-Hoc|x64.Build.0 = Release|Any CPU
		{1C993E88-53A4-4F92-9885-8281E474569C}.Ad-Hoc|x86.ActiveCfg = Release|Any CPU
		{1C993E88-53A4-4F92-9885-8281E474569C}.Ad-Hoc|x86.Build.0 = Release|Any CPU
		{1C993E88-53A4-4F92-9885-8281E474569C}.AppStore|Any CPU.ActiveCfg = Release|Any CPU
		{1C993E88-53A4-4F92-9885-8281E474569C}.AppStore|Any CPU.Build.0 = Release|Any CPU
		{1C993E88-53A4-4F92-9885-8281E474569C}.AppStore|ARM.ActiveCfg = Release|Any CPU
		{1C993E88-53A4-4F92-9885-8281E474569C}.AppStore|ARM.Build.0 = Release|Any CPU
		{1C993E88-53A4-4F92-9885-8281E474569C}.AppStore|iPhone.ActiveCfg = Release|Any CPU
		{1C993E88-53A4-4F92-9885-8281E474569C}.AppStore|iPhone.Build.0 = Release|Any CPU
		{1C993E88-53A4-4F92-9885-8281E474569C}.AppStore|iPhoneSimulator.ActiveCfg = Release|Any CPU
		{1C993E88-53A4-4F92-9885-8281E474569C}.AppStore|iPhoneSimulator.Build.0 = Release|Any CPU
		{1C993E88-53A4-4F92-9885-8281E474569C}.AppStore|x64.ActiveCfg = Release|Any CPU
		{1C993E88-53A4-4F92-9885-8281E474569C}.AppStore|x64.Build.0 = Release|Any CPU
		{1C993E88-53A4-4F92-9885-8281E474569C}.AppStore|x86.ActiveCfg = Release|Any CPU
		{1C993E88-53A4-4F92-9885-8281E474569C}.AppStore|x86.Build.0 = Release|Any CPU
		{1C993E88-53A4-4F92-9885-8281E474569C}.Debug|Any CPU.ActiveCfg = Debug|Any CPU
		{1C993E88-53A4-4F92-9885-8281E474569C}.Debug|Any CPU.Build.0 = Debug|Any CPU
		{1C993E88-53A4-4F92-9885-8281E474569C}.Debug|ARM.ActiveCfg = Debug|Any CPU
		{1C993E88-53A4-4F92-9885-8281E474569C}.Debug|ARM.Build.0 = Debug|Any CPU
		{1C993E88-53A4-4F92-9885-8281E474569C}.Debug|iPhone.ActiveCfg = Debug|Any CPU
		{1C993E88-53A4-4F92-9885-8281E474569C}.Debug|iPhone.Build.0 = Debug|Any CPU
		{1C993E88-53A4-4F92-9885-8281E474569C}.Debug|iPhoneSimulator.ActiveCfg = Debug|Any CPU
		{1C993E88-53A4-4F92-9885-8281E474569C}.Debug|iPhoneSimulator.Build.0 = Debug|Any CPU
		{1C993E88-53A4-4F92-9885-8281E474569C}.Debug|x64.ActiveCfg = Debug|Any CPU
		{1C993E88-53A4-4F92-9885-8281E474569C}.Debug|x64.Build.0 = Debug|Any CPU
		{1C993E88-53A4-4F92-9885-8281E474569C}.Debug|x86.ActiveCfg = Debug|Any CPU
		{1C993E88-53A4-4F92-9885-8281E474569C}.Debug|x86.Build.0 = Debug|Any CPU
		{1C993E88-53A4-4F92-9885-8281E474569C}.Release|Any CPU.ActiveCfg = Release|Any CPU
		{1C993E88-53A4-4F92-9885-8281E474569C}.Release|Any CPU.Build.0 = Release|Any CPU
		{1C993E88-53A4-4F92-9885-8281E474569C}.Release|ARM.ActiveCfg = Release|Any CPU
		{1C993E88-53A4-4F92-9885-8281E474569C}.Release|ARM.Build.0 = Release|Any CPU
		{1C993E88-53A4-4F92-9885-8281E474569C}.Release|iPhone.ActiveCfg = Release|Any CPU
		{1C993E88-53A4-4F92-9885-8281E474569C}.Release|iPhone.Build.0 = Release|Any CPU
		{1C993E88-53A4-4F92-9885-8281E474569C}.Release|iPhoneSimulator.ActiveCfg = Release|Any CPU
		{1C993E88-53A4-4F92-9885-8281E474569C}.Release|iPhoneSimulator.Build.0 = Release|Any CPU
		{1C993E88-53A4-4F92-9885-8281E474569C}.Release|x64.ActiveCfg = Release|Any CPU
		{1C993E88-53A4-4F92-9885-8281E474569C}.Release|x64.Build.0 = Release|Any CPU
		{1C993E88-53A4-4F92-9885-8281E474569C}.Release|x86.ActiveCfg = Release|Any CPU
		{1C993E88-53A4-4F92-9885-8281E474569C}.Release|x86.Build.0 = Release|Any CPU
		{5D3742F4-A8A4-40E6-A0DA-ACD9ABA76003}.Ad-Hoc|Any CPU.ActiveCfg = Release|Any CPU
		{5D3742F4-A8A4-40E6-A0DA-ACD9ABA76003}.Ad-Hoc|Any CPU.Build.0 = Release|Any CPU
		{5D3742F4-A8A4-40E6-A0DA-ACD9ABA76003}.Ad-Hoc|ARM.ActiveCfg = Release|Any CPU
		{5D3742F4-A8A4-40E6-A0DA-ACD9ABA76003}.Ad-Hoc|ARM.Build.0 = Release|Any CPU
		{5D3742F4-A8A4-40E6-A0DA-ACD9ABA76003}.Ad-Hoc|iPhone.ActiveCfg = Release|Any CPU
		{5D3742F4-A8A4-40E6-A0DA-ACD9ABA76003}.Ad-Hoc|iPhone.Build.0 = Release|Any CPU
		{5D3742F4-A8A4-40E6-A0DA-ACD9ABA76003}.Ad-Hoc|iPhoneSimulator.ActiveCfg = Release|Any CPU
		{5D3742F4-A8A4-40E6-A0DA-ACD9ABA76003}.Ad-Hoc|iPhoneSimulator.Build.0 = Release|Any CPU
		{5D3742F4-A8A4-40E6-A0DA-ACD9ABA76003}.Ad-Hoc|x64.ActiveCfg = Release|Any CPU
		{5D3742F4-A8A4-40E6-A0DA-ACD9ABA76003}.Ad-Hoc|x64.Build.0 = Release|Any CPU
		{5D3742F4-A8A4-40E6-A0DA-ACD9ABA76003}.Ad-Hoc|x86.ActiveCfg = Release|Any CPU
		{5D3742F4-A8A4-40E6-A0DA-ACD9ABA76003}.Ad-Hoc|x86.Build.0 = Release|Any CPU
		{5D3742F4-A8A4-40E6-A0DA-ACD9ABA76003}.AppStore|Any CPU.ActiveCfg = Release|Any CPU
		{5D3742F4-A8A4-40E6-A0DA-ACD9ABA76003}.AppStore|Any CPU.Build.0 = Release|Any CPU
		{5D3742F4-A8A4-40E6-A0DA-ACD9ABA76003}.AppStore|ARM.ActiveCfg = Release|Any CPU
		{5D3742F4-A8A4-40E6-A0DA-ACD9ABA76003}.AppStore|ARM.Build.0 = Release|Any CPU
		{5D3742F4-A8A4-40E6-A0DA-ACD9ABA76003}.AppStore|iPhone.ActiveCfg = Release|Any CPU
		{5D3742F4-A8A4-40E6-A0DA-ACD9ABA76003}.AppStore|iPhone.Build.0 = Release|Any CPU
		{5D3742F4-A8A4-40E6-A0DA-ACD9ABA76003}.AppStore|iPhoneSimulator.ActiveCfg = Release|Any CPU
		{5D3742F4-A8A4-40E6-A0DA-ACD9ABA76003}.AppStore|iPhoneSimulator.Build.0 = Release|Any CPU
		{5D3742F4-A8A4-40E6-A0DA-ACD9ABA76003}.AppStore|x64.ActiveCfg = Release|Any CPU
		{5D3742F4-A8A4-40E6-A0DA-ACD9ABA76003}.AppStore|x64.Build.0 = Release|Any CPU
		{5D3742F4-A8A4-40E6-A0DA-ACD9ABA76003}.AppStore|x86.ActiveCfg = Release|Any CPU
		{5D3742F4-A8A4-40E6-A0DA-ACD9ABA76003}.AppStore|x86.Build.0 = Release|Any CPU
		{5D3742F4-A8A4-40E6-A0DA-ACD9ABA76003}.Debug|Any CPU.ActiveCfg = Debug|Any CPU
		{5D3742F4-A8A4-40E6-A0DA-ACD9ABA76003}.Debug|Any CPU.Build.0 = Debug|Any CPU
		{5D3742F4-A8A4-40E6-A0DA-ACD9ABA76003}.Debug|ARM.ActiveCfg = Debug|Any CPU
		{5D3742F4-A8A4-40E6-A0DA-ACD9ABA76003}.Debug|ARM.Build.0 = Debug|Any CPU
		{5D3742F4-A8A4-40E6-A0DA-ACD9ABA76003}.Debug|iPhone.ActiveCfg = Debug|Any CPU
		{5D3742F4-A8A4-40E6-A0DA-ACD9ABA76003}.Debug|iPhone.Build.0 = Debug|Any CPU
		{5D3742F4-A8A4-40E6-A0DA-ACD9ABA76003}.Debug|iPhoneSimulator.ActiveCfg = Debug|Any CPU
		{5D3742F4-A8A4-40E6-A0DA-ACD9ABA76003}.Debug|iPhoneSimulator.Build.0 = Debug|Any CPU
		{5D3742F4-A8A4-40E6-A0DA-ACD9ABA76003}.Debug|x64.ActiveCfg = Debug|Any CPU
		{5D3742F4-A8A4-40E6-A0DA-ACD9ABA76003}.Debug|x64.Build.0 = Debug|Any CPU
		{5D3742F4-A8A4-40E6-A0DA-ACD9ABA76003}.Debug|x86.ActiveCfg = Debug|Any CPU
		{5D3742F4-A8A4-40E6-A0DA-ACD9ABA76003}.Debug|x86.Build.0 = Debug|Any CPU
		{5D3742F4-A8A4-40E6-A0DA-ACD9ABA76003}.Release|Any CPU.ActiveCfg = Release|Any CPU
		{5D3742F4-A8A4-40E6-A0DA-ACD9ABA76003}.Release|Any CPU.Build.0 = Release|Any CPU
		{5D3742F4-A8A4-40E6-A0DA-ACD9ABA76003}.Release|ARM.ActiveCfg = Release|Any CPU
		{5D3742F4-A8A4-40E6-A0DA-ACD9ABA76003}.Release|ARM.Build.0 = Release|Any CPU
		{5D3742F4-A8A4-40E6-A0DA-ACD9ABA76003}.Release|iPhone.ActiveCfg = Release|Any CPU
		{5D3742F4-A8A4-40E6-A0DA-ACD9ABA76003}.Release|iPhone.Build.0 = Release|Any CPU
		{5D3742F4-A8A4-40E6-A0DA-ACD9ABA76003}.Release|iPhoneSimulator.ActiveCfg = Release|Any CPU
		{5D3742F4-A8A4-40E6-A0DA-ACD9ABA76003}.Release|iPhoneSimulator.Build.0 = Release|Any CPU
		{5D3742F4-A8A4-40E6-A0DA-ACD9ABA76003}.Release|x64.ActiveCfg = Release|Any CPU
		{5D3742F4-A8A4-40E6-A0DA-ACD9ABA76003}.Release|x64.Build.0 = Release|Any CPU
		{5D3742F4-A8A4-40E6-A0DA-ACD9ABA76003}.Release|x86.ActiveCfg = Release|Any CPU
		{5D3742F4-A8A4-40E6-A0DA-ACD9ABA76003}.Release|x86.Build.0 = Release|Any CPU
		{7E26DA13-4AA1-485E-B819-6F88C6A5139A}.Ad-Hoc|Any CPU.ActiveCfg = Release|Any CPU
		{7E26DA13-4AA1-485E-B819-6F88C6A5139A}.Ad-Hoc|Any CPU.Build.0 = Release|Any CPU
		{7E26DA13-4AA1-485E-B819-6F88C6A5139A}.Ad-Hoc|ARM.ActiveCfg = Release|Any CPU
		{7E26DA13-4AA1-485E-B819-6F88C6A5139A}.Ad-Hoc|ARM.Build.0 = Release|Any CPU
		{7E26DA13-4AA1-485E-B819-6F88C6A5139A}.Ad-Hoc|iPhone.ActiveCfg = Release|Any CPU
		{7E26DA13-4AA1-485E-B819-6F88C6A5139A}.Ad-Hoc|iPhone.Build.0 = Release|Any CPU
		{7E26DA13-4AA1-485E-B819-6F88C6A5139A}.Ad-Hoc|iPhoneSimulator.ActiveCfg = Release|Any CPU
		{7E26DA13-4AA1-485E-B819-6F88C6A5139A}.Ad-Hoc|iPhoneSimulator.Build.0 = Release|Any CPU
		{7E26DA13-4AA1-485E-B819-6F88C6A5139A}.Ad-Hoc|x64.ActiveCfg = Release|Any CPU
		{7E26DA13-4AA1-485E-B819-6F88C6A5139A}.Ad-Hoc|x64.Build.0 = Release|Any CPU
		{7E26DA13-4AA1-485E-B819-6F88C6A5139A}.Ad-Hoc|x86.ActiveCfg = Release|Any CPU
		{7E26DA13-4AA1-485E-B819-6F88C6A5139A}.Ad-Hoc|x86.Build.0 = Release|Any CPU
		{7E26DA13-4AA1-485E-B819-6F88C6A5139A}.AppStore|Any CPU.ActiveCfg = Release|Any CPU
		{7E26DA13-4AA1-485E-B819-6F88C6A5139A}.AppStore|Any CPU.Build.0 = Release|Any CPU
		{7E26DA13-4AA1-485E-B819-6F88C6A5139A}.AppStore|ARM.ActiveCfg = Release|Any CPU
		{7E26DA13-4AA1-485E-B819-6F88C6A5139A}.AppStore|ARM.Build.0 = Release|Any CPU
		{7E26DA13-4AA1-485E-B819-6F88C6A5139A}.AppStore|iPhone.ActiveCfg = Release|Any CPU
		{7E26DA13-4AA1-485E-B819-6F88C6A5139A}.AppStore|iPhone.Build.0 = Release|Any CPU
		{7E26DA13-4AA1-485E-B819-6F88C6A5139A}.AppStore|iPhoneSimulator.ActiveCfg = Release|Any CPU
		{7E26DA13-4AA1-485E-B819-6F88C6A5139A}.AppStore|iPhoneSimulator.Build.0 = Release|Any CPU
		{7E26DA13-4AA1-485E-B819-6F88C6A5139A}.AppStore|x64.ActiveCfg = Release|Any CPU
		{7E26DA13-4AA1-485E-B819-6F88C6A5139A}.AppStore|x64.Build.0 = Release|Any CPU
		{7E26DA13-4AA1-485E-B819-6F88C6A5139A}.AppStore|x86.ActiveCfg = Release|Any CPU
		{7E26DA13-4AA1-485E-B819-6F88C6A5139A}.AppStore|x86.Build.0 = Release|Any CPU
		{7E26DA13-4AA1-485E-B819-6F88C6A5139A}.Debug|Any CPU.ActiveCfg = Debug|Any CPU
		{7E26DA13-4AA1-485E-B819-6F88C6A5139A}.Debug|Any CPU.Build.0 = Debug|Any CPU
		{7E26DA13-4AA1-485E-B819-6F88C6A5139A}.Debug|ARM.ActiveCfg = Debug|Any CPU
		{7E26DA13-4AA1-485E-B819-6F88C6A5139A}.Debug|ARM.Build.0 = Debug|Any CPU
		{7E26DA13-4AA1-485E-B819-6F88C6A5139A}.Debug|iPhone.ActiveCfg = Debug|Any CPU
		{7E26DA13-4AA1-485E-B819-6F88C6A5139A}.Debug|iPhone.Build.0 = Debug|Any CPU
		{7E26DA13-4AA1-485E-B819-6F88C6A5139A}.Debug|iPhoneSimulator.ActiveCfg = Debug|Any CPU
		{7E26DA13-4AA1-485E-B819-6F88C6A5139A}.Debug|iPhoneSimulator.Build.0 = Debug|Any CPU
		{7E26DA13-4AA1-485E-B819-6F88C6A5139A}.Debug|x64.ActiveCfg = Debug|Any CPU
		{7E26DA13-4AA1-485E-B819-6F88C6A5139A}.Debug|x64.Build.0 = Debug|Any CPU
		{7E26DA13-4AA1-485E-B819-6F88C6A5139A}.Debug|x86.ActiveCfg = Debug|Any CPU
		{7E26DA13-4AA1-485E-B819-6F88C6A5139A}.Debug|x86.Build.0 = Debug|Any CPU
		{7E26DA13-4AA1-485E-B819-6F88C6A5139A}.Release|Any CPU.ActiveCfg = Release|Any CPU
		{7E26DA13-4AA1-485E-B819-6F88C6A5139A}.Release|Any CPU.Build.0 = Release|Any CPU
		{7E26DA13-4AA1-485E-B819-6F88C6A5139A}.Release|ARM.ActiveCfg = Release|Any CPU
		{7E26DA13-4AA1-485E-B819-6F88C6A5139A}.Release|ARM.Build.0 = Release|Any CPU
		{7E26DA13-4AA1-485E-B819-6F88C6A5139A}.Release|iPhone.ActiveCfg = Release|Any CPU
		{7E26DA13-4AA1-485E-B819-6F88C6A5139A}.Release|iPhone.Build.0 = Release|Any CPU
		{7E26DA13-4AA1-485E-B819-6F88C6A5139A}.Release|iPhoneSimulator.ActiveCfg = Release|Any CPU
		{7E26DA13-4AA1-485E-B819-6F88C6A5139A}.Release|iPhoneSimulator.Build.0 = Release|Any CPU
		{7E26DA13-4AA1-485E-B819-6F88C6A5139A}.Release|x64.ActiveCfg = Release|Any CPU
		{7E26DA13-4AA1-485E-B819-6F88C6A5139A}.Release|x64.Build.0 = Release|Any CPU
		{7E26DA13-4AA1-485E-B819-6F88C6A5139A}.Release|x86.ActiveCfg = Release|Any CPU
		{7E26DA13-4AA1-485E-B819-6F88C6A5139A}.Release|x86.Build.0 = Release|Any CPU
		{5C0704D0-6858-4FEB-85C4-D3F4BEACE801}.Ad-Hoc|Any CPU.ActiveCfg = Release|Any CPU
		{5C0704D0-6858-4FEB-85C4-D3F4BEACE801}.Ad-Hoc|Any CPU.Build.0 = Release|Any CPU
		{5C0704D0-6858-4FEB-85C4-D3F4BEACE801}.Ad-Hoc|ARM.ActiveCfg = Release|Any CPU
		{5C0704D0-6858-4FEB-85C4-D3F4BEACE801}.Ad-Hoc|ARM.Build.0 = Release|Any CPU
		{5C0704D0-6858-4FEB-85C4-D3F4BEACE801}.Ad-Hoc|iPhone.ActiveCfg = Release|Any CPU
		{5C0704D0-6858-4FEB-85C4-D3F4BEACE801}.Ad-Hoc|iPhone.Build.0 = Release|Any CPU
		{5C0704D0-6858-4FEB-85C4-D3F4BEACE801}.Ad-Hoc|iPhoneSimulator.ActiveCfg = Release|Any CPU
		{5C0704D0-6858-4FEB-85C4-D3F4BEACE801}.Ad-Hoc|iPhoneSimulator.Build.0 = Release|Any CPU
		{5C0704D0-6858-4FEB-85C4-D3F4BEACE801}.Ad-Hoc|x64.ActiveCfg = Release|Any CPU
		{5C0704D0-6858-4FEB-85C4-D3F4BEACE801}.Ad-Hoc|x64.Build.0 = Release|Any CPU
		{5C0704D0-6858-4FEB-85C4-D3F4BEACE801}.Ad-Hoc|x86.ActiveCfg = Release|Any CPU
		{5C0704D0-6858-4FEB-85C4-D3F4BEACE801}.Ad-Hoc|x86.Build.0 = Release|Any CPU
		{5C0704D0-6858-4FEB-85C4-D3F4BEACE801}.AppStore|Any CPU.ActiveCfg = Release|Any CPU
		{5C0704D0-6858-4FEB-85C4-D3F4BEACE801}.AppStore|Any CPU.Build.0 = Release|Any CPU
		{5C0704D0-6858-4FEB-85C4-D3F4BEACE801}.AppStore|ARM.ActiveCfg = Release|Any CPU
		{5C0704D0-6858-4FEB-85C4-D3F4BEACE801}.AppStore|ARM.Build.0 = Release|Any CPU
		{5C0704D0-6858-4FEB-85C4-D3F4BEACE801}.AppStore|iPhone.ActiveCfg = Release|Any CPU
		{5C0704D0-6858-4FEB-85C4-D3F4BEACE801}.AppStore|iPhone.Build.0 = Release|Any CPU
		{5C0704D0-6858-4FEB-85C4-D3F4BEACE801}.AppStore|iPhoneSimulator.ActiveCfg = Release|Any CPU
		{5C0704D0-6858-4FEB-85C4-D3F4BEACE801}.AppStore|iPhoneSimulator.Build.0 = Release|Any CPU
		{5C0704D0-6858-4FEB-85C4-D3F4BEACE801}.AppStore|x64.ActiveCfg = Release|Any CPU
		{5C0704D0-6858-4FEB-85C4-D3F4BEACE801}.AppStore|x64.Build.0 = Release|Any CPU
		{5C0704D0-6858-4FEB-85C4-D3F4BEACE801}.AppStore|x86.ActiveCfg = Release|Any CPU
		{5C0704D0-6858-4FEB-85C4-D3F4BEACE801}.AppStore|x86.Build.0 = Release|Any CPU
		{5C0704D0-6858-4FEB-85C4-D3F4BEACE801}.Debug|Any CPU.ActiveCfg = Debug|Any CPU
		{5C0704D0-6858-4FEB-85C4-D3F4BEACE801}.Debug|Any CPU.Build.0 = Debug|Any CPU
		{5C0704D0-6858-4FEB-85C4-D3F4BEACE801}.Debug|ARM.ActiveCfg = Debug|Any CPU
		{5C0704D0-6858-4FEB-85C4-D3F4BEACE801}.Debug|ARM.Build.0 = Debug|Any CPU
		{5C0704D0-6858-4FEB-85C4-D3F4BEACE801}.Debug|iPhone.ActiveCfg = Debug|Any CPU
		{5C0704D0-6858-4FEB-85C4-D3F4BEACE801}.Debug|iPhone.Build.0 = Debug|Any CPU
		{5C0704D0-6858-4FEB-85C4-D3F4BEACE801}.Debug|iPhoneSimulator.ActiveCfg = Debug|Any CPU
		{5C0704D0-6858-4FEB-85C4-D3F4BEACE801}.Debug|iPhoneSimulator.Build.0 = Debug|Any CPU
		{5C0704D0-6858-4FEB-85C4-D3F4BEACE801}.Debug|x64.ActiveCfg = Debug|Any CPU
		{5C0704D0-6858-4FEB-85C4-D3F4BEACE801}.Debug|x64.Build.0 = Debug|Any CPU
		{5C0704D0-6858-4FEB-85C4-D3F4BEACE801}.Debug|x86.ActiveCfg = Debug|Any CPU
		{5C0704D0-6858-4FEB-85C4-D3F4BEACE801}.Debug|x86.Build.0 = Debug|Any CPU
		{5C0704D0-6858-4FEB-85C4-D3F4BEACE801}.Release|Any CPU.ActiveCfg = Release|Any CPU
		{5C0704D0-6858-4FEB-85C4-D3F4BEACE801}.Release|Any CPU.Build.0 = Release|Any CPU
		{5C0704D0-6858-4FEB-85C4-D3F4BEACE801}.Release|ARM.ActiveCfg = Release|Any CPU
		{5C0704D0-6858-4FEB-85C4-D3F4BEACE801}.Release|ARM.Build.0 = Release|Any CPU
		{5C0704D0-6858-4FEB-85C4-D3F4BEACE801}.Release|iPhone.ActiveCfg = Release|Any CPU
		{5C0704D0-6858-4FEB-85C4-D3F4BEACE801}.Release|iPhone.Build.0 = Release|Any CPU
		{5C0704D0-6858-4FEB-85C4-D3F4BEACE801}.Release|iPhoneSimulator.ActiveCfg = Release|Any CPU
		{5C0704D0-6858-4FEB-85C4-D3F4BEACE801}.Release|iPhoneSimulator.Build.0 = Release|Any CPU
		{5C0704D0-6858-4FEB-85C4-D3F4BEACE801}.Release|x64.ActiveCfg = Release|Any CPU
		{5C0704D0-6858-4FEB-85C4-D3F4BEACE801}.Release|x64.Build.0 = Release|Any CPU
		{5C0704D0-6858-4FEB-85C4-D3F4BEACE801}.Release|x86.ActiveCfg = Release|Any CPU
		{5C0704D0-6858-4FEB-85C4-D3F4BEACE801}.Release|x86.Build.0 = Release|Any CPU
		{434B097E-52C8-4A2A-9D4D-E4DD275847B0}.Ad-Hoc|Any CPU.ActiveCfg = Release|Any CPU
		{434B097E-52C8-4A2A-9D4D-E4DD275847B0}.Ad-Hoc|Any CPU.Build.0 = Release|Any CPU
		{434B097E-52C8-4A2A-9D4D-E4DD275847B0}.Ad-Hoc|ARM.ActiveCfg = Release|Any CPU
		{434B097E-52C8-4A2A-9D4D-E4DD275847B0}.Ad-Hoc|ARM.Build.0 = Release|Any CPU
		{434B097E-52C8-4A2A-9D4D-E4DD275847B0}.Ad-Hoc|iPhone.ActiveCfg = Release|Any CPU
		{434B097E-52C8-4A2A-9D4D-E4DD275847B0}.Ad-Hoc|iPhone.Build.0 = Release|Any CPU
		{434B097E-52C8-4A2A-9D4D-E4DD275847B0}.Ad-Hoc|iPhoneSimulator.ActiveCfg = Release|Any CPU
		{434B097E-52C8-4A2A-9D4D-E4DD275847B0}.Ad-Hoc|iPhoneSimulator.Build.0 = Release|Any CPU
		{434B097E-52C8-4A2A-9D4D-E4DD275847B0}.Ad-Hoc|x64.ActiveCfg = Release|Any CPU
		{434B097E-52C8-4A2A-9D4D-E4DD275847B0}.Ad-Hoc|x64.Build.0 = Release|Any CPU
		{434B097E-52C8-4A2A-9D4D-E4DD275847B0}.Ad-Hoc|x86.ActiveCfg = Release|Any CPU
		{434B097E-52C8-4A2A-9D4D-E4DD275847B0}.Ad-Hoc|x86.Build.0 = Release|Any CPU
		{434B097E-52C8-4A2A-9D4D-E4DD275847B0}.AppStore|Any CPU.ActiveCfg = Release|Any CPU
		{434B097E-52C8-4A2A-9D4D-E4DD275847B0}.AppStore|Any CPU.Build.0 = Release|Any CPU
		{434B097E-52C8-4A2A-9D4D-E4DD275847B0}.AppStore|ARM.ActiveCfg = Release|Any CPU
		{434B097E-52C8-4A2A-9D4D-E4DD275847B0}.AppStore|ARM.Build.0 = Release|Any CPU
		{434B097E-52C8-4A2A-9D4D-E4DD275847B0}.AppStore|iPhone.ActiveCfg = Release|Any CPU
		{434B097E-52C8-4A2A-9D4D-E4DD275847B0}.AppStore|iPhone.Build.0 = Release|Any CPU
		{434B097E-52C8-4A2A-9D4D-E4DD275847B0}.AppStore|iPhoneSimulator.ActiveCfg = Release|Any CPU
		{434B097E-52C8-4A2A-9D4D-E4DD275847B0}.AppStore|iPhoneSimulator.Build.0 = Release|Any CPU
		{434B097E-52C8-4A2A-9D4D-E4DD275847B0}.AppStore|x64.ActiveCfg = Release|Any CPU
		{434B097E-52C8-4A2A-9D4D-E4DD275847B0}.AppStore|x64.Build.0 = Release|Any CPU
		{434B097E-52C8-4A2A-9D4D-E4DD275847B0}.AppStore|x86.ActiveCfg = Release|Any CPU
		{434B097E-52C8-4A2A-9D4D-E4DD275847B0}.AppStore|x86.Build.0 = Release|Any CPU
		{434B097E-52C8-4A2A-9D4D-E4DD275847B0}.Debug|Any CPU.ActiveCfg = Debug|Any CPU
		{434B097E-52C8-4A2A-9D4D-E4DD275847B0}.Debug|Any CPU.Build.0 = Debug|Any CPU
		{434B097E-52C8-4A2A-9D4D-E4DD275847B0}.Debug|ARM.ActiveCfg = Debug|Any CPU
		{434B097E-52C8-4A2A-9D4D-E4DD275847B0}.Debug|ARM.Build.0 = Debug|Any CPU
		{434B097E-52C8-4A2A-9D4D-E4DD275847B0}.Debug|iPhone.ActiveCfg = Debug|Any CPU
		{434B097E-52C8-4A2A-9D4D-E4DD275847B0}.Debug|iPhone.Build.0 = Debug|Any CPU
		{434B097E-52C8-4A2A-9D4D-E4DD275847B0}.Debug|iPhoneSimulator.ActiveCfg = Debug|Any CPU
		{434B097E-52C8-4A2A-9D4D-E4DD275847B0}.Debug|iPhoneSimulator.Build.0 = Debug|Any CPU
		{434B097E-52C8-4A2A-9D4D-E4DD275847B0}.Debug|x64.ActiveCfg = Debug|Any CPU
		{434B097E-52C8-4A2A-9D4D-E4DD275847B0}.Debug|x64.Build.0 = Debug|Any CPU
		{434B097E-52C8-4A2A-9D4D-E4DD275847B0}.Debug|x86.ActiveCfg = Debug|Any CPU
		{434B097E-52C8-4A2A-9D4D-E4DD275847B0}.Debug|x86.Build.0 = Debug|Any CPU
		{434B097E-52C8-4A2A-9D4D-E4DD275847B0}.Release|Any CPU.ActiveCfg = Release|Any CPU
		{434B097E-52C8-4A2A-9D4D-E4DD275847B0}.Release|Any CPU.Build.0 = Release|Any CPU
		{434B097E-52C8-4A2A-9D4D-E4DD275847B0}.Release|ARM.ActiveCfg = Release|Any CPU
		{434B097E-52C8-4A2A-9D4D-E4DD275847B0}.Release|ARM.Build.0 = Release|Any CPU
		{434B097E-52C8-4A2A-9D4D-E4DD275847B0}.Release|iPhone.ActiveCfg = Release|Any CPU
		{434B097E-52C8-4A2A-9D4D-E4DD275847B0}.Release|iPhone.Build.0 = Release|Any CPU
		{434B097E-52C8-4A2A-9D4D-E4DD275847B0}.Release|iPhoneSimulator.ActiveCfg = Release|Any CPU
		{434B097E-52C8-4A2A-9D4D-E4DD275847B0}.Release|iPhoneSimulator.Build.0 = Release|Any CPU
		{434B097E-52C8-4A2A-9D4D-E4DD275847B0}.Release|x64.ActiveCfg = Release|Any CPU
		{434B097E-52C8-4A2A-9D4D-E4DD275847B0}.Release|x64.Build.0 = Release|Any CPU
		{434B097E-52C8-4A2A-9D4D-E4DD275847B0}.Release|x86.ActiveCfg = Release|Any CPU
		{434B097E-52C8-4A2A-9D4D-E4DD275847B0}.Release|x86.Build.0 = Release|Any CPU
		{039D3C51-29D2-4F07-8BE4-B640FF7A7EA0}.Ad-Hoc|Any CPU.ActiveCfg = Release|Any CPU
		{039D3C51-29D2-4F07-8BE4-B640FF7A7EA0}.Ad-Hoc|Any CPU.Build.0 = Release|Any CPU
		{039D3C51-29D2-4F07-8BE4-B640FF7A7EA0}.Ad-Hoc|ARM.ActiveCfg = Release|Any CPU
		{039D3C51-29D2-4F07-8BE4-B640FF7A7EA0}.Ad-Hoc|ARM.Build.0 = Release|Any CPU
		{039D3C51-29D2-4F07-8BE4-B640FF7A7EA0}.Ad-Hoc|iPhone.ActiveCfg = Release|Any CPU
		{039D3C51-29D2-4F07-8BE4-B640FF7A7EA0}.Ad-Hoc|iPhone.Build.0 = Release|Any CPU
		{039D3C51-29D2-4F07-8BE4-B640FF7A7EA0}.Ad-Hoc|iPhoneSimulator.ActiveCfg = Release|Any CPU
		{039D3C51-29D2-4F07-8BE4-B640FF7A7EA0}.Ad-Hoc|iPhoneSimulator.Build.0 = Release|Any CPU
		{039D3C51-29D2-4F07-8BE4-B640FF7A7EA0}.Ad-Hoc|x64.ActiveCfg = Release|Any CPU
		{039D3C51-29D2-4F07-8BE4-B640FF7A7EA0}.Ad-Hoc|x64.Build.0 = Release|Any CPU
		{039D3C51-29D2-4F07-8BE4-B640FF7A7EA0}.Ad-Hoc|x86.ActiveCfg = Release|Any CPU
		{039D3C51-29D2-4F07-8BE4-B640FF7A7EA0}.Ad-Hoc|x86.Build.0 = Release|Any CPU
		{039D3C51-29D2-4F07-8BE4-B640FF7A7EA0}.AppStore|Any CPU.ActiveCfg = Release|Any CPU
		{039D3C51-29D2-4F07-8BE4-B640FF7A7EA0}.AppStore|Any CPU.Build.0 = Release|Any CPU
		{039D3C51-29D2-4F07-8BE4-B640FF7A7EA0}.AppStore|ARM.ActiveCfg = Release|Any CPU
		{039D3C51-29D2-4F07-8BE4-B640FF7A7EA0}.AppStore|ARM.Build.0 = Release|Any CPU
		{039D3C51-29D2-4F07-8BE4-B640FF7A7EA0}.AppStore|iPhone.ActiveCfg = Release|Any CPU
		{039D3C51-29D2-4F07-8BE4-B640FF7A7EA0}.AppStore|iPhone.Build.0 = Release|Any CPU
		{039D3C51-29D2-4F07-8BE4-B640FF7A7EA0}.AppStore|iPhoneSimulator.ActiveCfg = Release|Any CPU
		{039D3C51-29D2-4F07-8BE4-B640FF7A7EA0}.AppStore|iPhoneSimulator.Build.0 = Release|Any CPU
		{039D3C51-29D2-4F07-8BE4-B640FF7A7EA0}.AppStore|x64.ActiveCfg = Release|Any CPU
		{039D3C51-29D2-4F07-8BE4-B640FF7A7EA0}.AppStore|x64.Build.0 = Release|Any CPU
		{039D3C51-29D2-4F07-8BE4-B640FF7A7EA0}.AppStore|x86.ActiveCfg = Release|Any CPU
		{039D3C51-29D2-4F07-8BE4-B640FF7A7EA0}.AppStore|x86.Build.0 = Release|Any CPU
		{039D3C51-29D2-4F07-8BE4-B640FF7A7EA0}.Debug|Any CPU.ActiveCfg = Debug|Any CPU
		{039D3C51-29D2-4F07-8BE4-B640FF7A7EA0}.Debug|Any CPU.Build.0 = Debug|Any CPU
		{039D3C51-29D2-4F07-8BE4-B640FF7A7EA0}.Debug|ARM.ActiveCfg = Debug|Any CPU
		{039D3C51-29D2-4F07-8BE4-B640FF7A7EA0}.Debug|ARM.Build.0 = Debug|Any CPU
		{039D3C51-29D2-4F07-8BE4-B640FF7A7EA0}.Debug|iPhone.ActiveCfg = Debug|Any CPU
		{039D3C51-29D2-4F07-8BE4-B640FF7A7EA0}.Debug|iPhone.Build.0 = Debug|Any CPU
		{039D3C51-29D2-4F07-8BE4-B640FF7A7EA0}.Debug|iPhoneSimulator.ActiveCfg = Debug|Any CPU
		{039D3C51-29D2-4F07-8BE4-B640FF7A7EA0}.Debug|iPhoneSimulator.Build.0 = Debug|Any CPU
		{039D3C51-29D2-4F07-8BE4-B640FF7A7EA0}.Debug|x64.ActiveCfg = Debug|Any CPU
		{039D3C51-29D2-4F07-8BE4-B640FF7A7EA0}.Debug|x64.Build.0 = Debug|Any CPU
		{039D3C51-29D2-4F07-8BE4-B640FF7A7EA0}.Debug|x86.ActiveCfg = Debug|Any CPU
		{039D3C51-29D2-4F07-8BE4-B640FF7A7EA0}.Debug|x86.Build.0 = Debug|Any CPU
		{039D3C51-29D2-4F07-8BE4-B640FF7A7EA0}.Release|Any CPU.ActiveCfg = Release|Any CPU
		{039D3C51-29D2-4F07-8BE4-B640FF7A7EA0}.Release|Any CPU.Build.0 = Release|Any CPU
		{039D3C51-29D2-4F07-8BE4-B640FF7A7EA0}.Release|ARM.ActiveCfg = Release|Any CPU
		{039D3C51-29D2-4F07-8BE4-B640FF7A7EA0}.Release|ARM.Build.0 = Release|Any CPU
		{039D3C51-29D2-4F07-8BE4-B640FF7A7EA0}.Release|iPhone.ActiveCfg = Release|Any CPU
		{039D3C51-29D2-4F07-8BE4-B640FF7A7EA0}.Release|iPhone.Build.0 = Release|Any CPU
		{039D3C51-29D2-4F07-8BE4-B640FF7A7EA0}.Release|iPhoneSimulator.ActiveCfg = Release|Any CPU
		{039D3C51-29D2-4F07-8BE4-B640FF7A7EA0}.Release|iPhoneSimulator.Build.0 = Release|Any CPU
		{039D3C51-29D2-4F07-8BE4-B640FF7A7EA0}.Release|x64.ActiveCfg = Release|Any CPU
		{039D3C51-29D2-4F07-8BE4-B640FF7A7EA0}.Release|x64.Build.0 = Release|Any CPU
		{039D3C51-29D2-4F07-8BE4-B640FF7A7EA0}.Release|x86.ActiveCfg = Release|Any CPU
		{039D3C51-29D2-4F07-8BE4-B640FF7A7EA0}.Release|x86.Build.0 = Release|Any CPU
		{6B07DE39-94A3-4E21-9A4E-4269C3A87DA8}.Ad-Hoc|Any CPU.ActiveCfg = Release|Any CPU
		{6B07DE39-94A3-4E21-9A4E-4269C3A87DA8}.Ad-Hoc|Any CPU.Build.0 = Release|Any CPU
		{6B07DE39-94A3-4E21-9A4E-4269C3A87DA8}.Ad-Hoc|ARM.ActiveCfg = Release|Any CPU
		{6B07DE39-94A3-4E21-9A4E-4269C3A87DA8}.Ad-Hoc|ARM.Build.0 = Release|Any CPU
		{6B07DE39-94A3-4E21-9A4E-4269C3A87DA8}.Ad-Hoc|iPhone.ActiveCfg = Release|Any CPU
		{6B07DE39-94A3-4E21-9A4E-4269C3A87DA8}.Ad-Hoc|iPhone.Build.0 = Release|Any CPU
		{6B07DE39-94A3-4E21-9A4E-4269C3A87DA8}.Ad-Hoc|iPhoneSimulator.ActiveCfg = Release|Any CPU
		{6B07DE39-94A3-4E21-9A4E-4269C3A87DA8}.Ad-Hoc|iPhoneSimulator.Build.0 = Release|Any CPU
		{6B07DE39-94A3-4E21-9A4E-4269C3A87DA8}.Ad-Hoc|x64.ActiveCfg = Release|Any CPU
		{6B07DE39-94A3-4E21-9A4E-4269C3A87DA8}.Ad-Hoc|x64.Build.0 = Release|Any CPU
		{6B07DE39-94A3-4E21-9A4E-4269C3A87DA8}.Ad-Hoc|x86.ActiveCfg = Release|Any CPU
		{6B07DE39-94A3-4E21-9A4E-4269C3A87DA8}.Ad-Hoc|x86.Build.0 = Release|Any CPU
		{6B07DE39-94A3-4E21-9A4E-4269C3A87DA8}.AppStore|Any CPU.ActiveCfg = Release|Any CPU
		{6B07DE39-94A3-4E21-9A4E-4269C3A87DA8}.AppStore|Any CPU.Build.0 = Release|Any CPU
		{6B07DE39-94A3-4E21-9A4E-4269C3A87DA8}.AppStore|ARM.ActiveCfg = Release|Any CPU
		{6B07DE39-94A3-4E21-9A4E-4269C3A87DA8}.AppStore|ARM.Build.0 = Release|Any CPU
		{6B07DE39-94A3-4E21-9A4E-4269C3A87DA8}.AppStore|iPhone.ActiveCfg = Release|Any CPU
		{6B07DE39-94A3-4E21-9A4E-4269C3A87DA8}.AppStore|iPhone.Build.0 = Release|Any CPU
		{6B07DE39-94A3-4E21-9A4E-4269C3A87DA8}.AppStore|iPhoneSimulator.ActiveCfg = Release|Any CPU
		{6B07DE39-94A3-4E21-9A4E-4269C3A87DA8}.AppStore|iPhoneSimulator.Build.0 = Release|Any CPU
		{6B07DE39-94A3-4E21-9A4E-4269C3A87DA8}.AppStore|x64.ActiveCfg = Release|Any CPU
		{6B07DE39-94A3-4E21-9A4E-4269C3A87DA8}.AppStore|x64.Build.0 = Release|Any CPU
		{6B07DE39-94A3-4E21-9A4E-4269C3A87DA8}.AppStore|x86.ActiveCfg = Release|Any CPU
		{6B07DE39-94A3-4E21-9A4E-4269C3A87DA8}.AppStore|x86.Build.0 = Release|Any CPU
		{6B07DE39-94A3-4E21-9A4E-4269C3A87DA8}.Debug|Any CPU.ActiveCfg = Debug|Any CPU
		{6B07DE39-94A3-4E21-9A4E-4269C3A87DA8}.Debug|Any CPU.Build.0 = Debug|Any CPU
		{6B07DE39-94A3-4E21-9A4E-4269C3A87DA8}.Debug|ARM.ActiveCfg = Debug|Any CPU
		{6B07DE39-94A3-4E21-9A4E-4269C3A87DA8}.Debug|ARM.Build.0 = Debug|Any CPU
		{6B07DE39-94A3-4E21-9A4E-4269C3A87DA8}.Debug|iPhone.ActiveCfg = Debug|Any CPU
		{6B07DE39-94A3-4E21-9A4E-4269C3A87DA8}.Debug|iPhone.Build.0 = Debug|Any CPU
		{6B07DE39-94A3-4E21-9A4E-4269C3A87DA8}.Debug|iPhoneSimulator.ActiveCfg = Debug|Any CPU
		{6B07DE39-94A3-4E21-9A4E-4269C3A87DA8}.Debug|iPhoneSimulator.Build.0 = Debug|Any CPU
		{6B07DE39-94A3-4E21-9A4E-4269C3A87DA8}.Debug|x64.ActiveCfg = Debug|Any CPU
		{6B07DE39-94A3-4E21-9A4E-4269C3A87DA8}.Debug|x64.Build.0 = Debug|Any CPU
		{6B07DE39-94A3-4E21-9A4E-4269C3A87DA8}.Debug|x86.ActiveCfg = Debug|Any CPU
		{6B07DE39-94A3-4E21-9A4E-4269C3A87DA8}.Debug|x86.Build.0 = Debug|Any CPU
		{6B07DE39-94A3-4E21-9A4E-4269C3A87DA8}.Release|Any CPU.ActiveCfg = Release|Any CPU
		{6B07DE39-94A3-4E21-9A4E-4269C3A87DA8}.Release|Any CPU.Build.0 = Release|Any CPU
		{6B07DE39-94A3-4E21-9A4E-4269C3A87DA8}.Release|ARM.ActiveCfg = Release|Any CPU
		{6B07DE39-94A3-4E21-9A4E-4269C3A87DA8}.Release|ARM.Build.0 = Release|Any CPU
		{6B07DE39-94A3-4E21-9A4E-4269C3A87DA8}.Release|iPhone.ActiveCfg = Release|Any CPU
		{6B07DE39-94A3-4E21-9A4E-4269C3A87DA8}.Release|iPhone.Build.0 = Release|Any CPU
		{6B07DE39-94A3-4E21-9A4E-4269C3A87DA8}.Release|iPhoneSimulator.ActiveCfg = Release|Any CPU
		{6B07DE39-94A3-4E21-9A4E-4269C3A87DA8}.Release|iPhoneSimulator.Build.0 = Release|Any CPU
		{6B07DE39-94A3-4E21-9A4E-4269C3A87DA8}.Release|x64.ActiveCfg = Release|Any CPU
		{6B07DE39-94A3-4E21-9A4E-4269C3A87DA8}.Release|x64.Build.0 = Release|Any CPU
		{6B07DE39-94A3-4E21-9A4E-4269C3A87DA8}.Release|x86.ActiveCfg = Release|Any CPU
		{6B07DE39-94A3-4E21-9A4E-4269C3A87DA8}.Release|x86.Build.0 = Release|Any CPU
	EndGlobalSection
	GlobalSection(SolutionProperties) = preSolution
		HideSolutionNode = FALSE
	EndGlobalSection
EndGlobal
